
Microsoft Visual Studio Solution File, Format Version 12.00
# Visual Studio 15
VisualStudioVersion = 15.0.26430.6
MinimumVisualStudioVersion = 10.0.40219.1
Project("{F184B08F-C81C-45F6-A57F-5ABD9991F28F}") = "UtilityWizards.Builder", "Builder\UtilityWizards.Builder.vbproj", "{6777E3E7-DCF3-4F91-9077-D896B63E3FEE}"
EndProject
Project("{F184B08F-C81C-45F6-A57F-5ABD9991F28F}") = "UtilityWizards.API", "API\UtilityWizards.API.vbproj", "{0591CA54-C226-4FA1-8376-EBA43A1B14A1}"
EndProject
Project("{F184B08F-C81C-45F6-A57F-5ABD9991F28F}") = "UtilityWizards.CommonCore", "CommonCore\UtilityWizards.CommonCore.vbproj", "{BAA1FC3D-F484-464F-ABE2-DC83A4E07043}"
EndProject
Project("{E24C65DC-7377-472B-9ABA-BC803B73C61A}") = "Website", "Website\", "{7A5BB7FE-F5C6-4C5A-B359-05C21F51F39B}"
	ProjectSection(WebsiteProperties) = preProject
		TargetFrameworkMoniker = ".NETFramework,Version%3Dv4.0"
		Debug.AspNetCompiler.VirtualPath = "/localhost_64108"
		Debug.AspNetCompiler.PhysicalPath = "Website\"
		Debug.AspNetCompiler.TargetPath = "PrecompiledWeb\localhost_64108\"
		Debug.AspNetCompiler.Updateable = "true"
		Debug.AspNetCompiler.ForceOverwrite = "true"
		Debug.AspNetCompiler.FixedNames = "false"
		Debug.AspNetCompiler.Debug = "True"
		Release.AspNetCompiler.VirtualPath = "/localhost_64108"
		Release.AspNetCompiler.PhysicalPath = "Website\"
		Release.AspNetCompiler.TargetPath = "PrecompiledWeb\localhost_64108\"
		Release.AspNetCompiler.Updateable = "true"
		Release.AspNetCompiler.ForceOverwrite = "true"
		Release.AspNetCompiler.FixedNames = "false"
		Release.AspNetCompiler.Debug = "False"
		VWDPort = "64108"
		SlnRelativePath = "Website\"
	EndProjectSection
EndProject
Project("{F184B08F-C81C-45F6-A57F-5ABD9991F28F}") = "UtilityWizards.811Processor", "811Processor\UtilityWizards.811Processor.vbproj", "{B50F7019-F450-4656-BEBD-7B23D99F8E77}"
EndProject
Project("{FAE04EC0-301F-11D3-BF4B-00C04F79EFBC}") = "UWXamarin.Android", "UWXamarin\UWXamarin.Android\UWXamarin.Android.csproj", "{6F149166-41D2-4135-BD90-55A9CAF2FF22}"
EndProject
Project("{FAE04EC0-301F-11D3-BF4B-00C04F79EFBC}") = "UWXamarin.iOS", "UWXamarin\UWXamarin.iOS\UWXamarin.iOS.csproj", "{412411F6-032A-4BF1-B0F6-07D3DDF21954}"
EndProject
Project("{FAE04EC0-301F-11D3-BF4B-00C04F79EFBC}") = "UWXamarin", "UWXamarin\UWXamarin\UWXamarin.csproj", "{33C9E6B0-98A8-4FDA-8B8F-2ADC0D726B7B}"
EndProject
Global
	GlobalSection(SolutionConfigurationPlatforms) = preSolution
		Ad-Hoc|Android = Ad-Hoc|Android
		Ad-Hoc|Any CPU = Ad-Hoc|Any CPU
		Ad-Hoc|ARM = Ad-Hoc|ARM
		Ad-Hoc|iOS = Ad-Hoc|iOS
		Ad-Hoc|iPhone = Ad-Hoc|iPhone
		Ad-Hoc|iPhoneSimulator = Ad-Hoc|iPhoneSimulator
		Ad-Hoc|Windows-ARM = Ad-Hoc|Windows-ARM
		Ad-Hoc|Windows-x64 = Ad-Hoc|Windows-x64
		Ad-Hoc|Windows-x86 = Ad-Hoc|Windows-x86
		Ad-Hoc|x64 = Ad-Hoc|x64
		Ad-Hoc|x86 = Ad-Hoc|x86
		AppStore|Android = AppStore|Android
		AppStore|Any CPU = AppStore|Any CPU
		AppStore|ARM = AppStore|ARM
		AppStore|iOS = AppStore|iOS
		AppStore|iPhone = AppStore|iPhone
		AppStore|iPhoneSimulator = AppStore|iPhoneSimulator
		AppStore|Windows-ARM = AppStore|Windows-ARM
		AppStore|Windows-x64 = AppStore|Windows-x64
		AppStore|Windows-x86 = AppStore|Windows-x86
		AppStore|x64 = AppStore|x64
		AppStore|x86 = AppStore|x86
		Debug|Android = Debug|Android
		Debug|Any CPU = Debug|Any CPU
		Debug|ARM = Debug|ARM
		Debug|iOS = Debug|iOS
		Debug|iPhone = Debug|iPhone
		Debug|iPhoneSimulator = Debug|iPhoneSimulator
		Debug|Windows-ARM = Debug|Windows-ARM
		Debug|Windows-x64 = Debug|Windows-x64
		Debug|Windows-x86 = Debug|Windows-x86
		Debug|x64 = Debug|x64
		Debug|x86 = Debug|x86
		Release|Android = Release|Android
		Release|Any CPU = Release|Any CPU
		Release|ARM = Release|ARM
		Release|iOS = Release|iOS
		Release|iPhone = Release|iPhone
		Release|iPhoneSimulator = Release|iPhoneSimulator
		Release|Windows-ARM = Release|Windows-ARM
		Release|Windows-x64 = Release|Windows-x64
		Release|Windows-x86 = Release|Windows-x86
		Release|x64 = Release|x64
		Release|x86 = Release|x86
	EndGlobalSection
	GlobalSection(ProjectConfigurationPlatforms) = postSolution
		{6777E3E7-DCF3-4F91-9077-D896B63E3FEE}.Ad-Hoc|Android.ActiveCfg = Debug|Any CPU
		{6777E3E7-DCF3-4F91-9077-D896B63E3FEE}.Ad-Hoc|Android.Build.0 = Debug|Any CPU
		{6777E3E7-DCF3-4F91-9077-D896B63E3FEE}.Ad-Hoc|Any CPU.ActiveCfg = Release|Any CPU
		{6777E3E7-DCF3-4F91-9077-D896B63E3FEE}.Ad-Hoc|Any CPU.Build.0 = Release|Any CPU
		{6777E3E7-DCF3-4F91-9077-D896B63E3FEE}.Ad-Hoc|ARM.ActiveCfg = Release|Any CPU
		{6777E3E7-DCF3-4F91-9077-D896B63E3FEE}.Ad-Hoc|ARM.Build.0 = Release|Any CPU
		{6777E3E7-DCF3-4F91-9077-D896B63E3FEE}.Ad-Hoc|iOS.ActiveCfg = Debug|Any CPU
		{6777E3E7-DCF3-4F91-9077-D896B63E3FEE}.Ad-Hoc|iOS.Build.0 = Debug|Any CPU
		{6777E3E7-DCF3-4F91-9077-D896B63E3FEE}.Ad-Hoc|iPhone.ActiveCfg = Release|Any CPU
		{6777E3E7-DCF3-4F91-9077-D896B63E3FEE}.Ad-Hoc|iPhone.Build.0 = Release|Any CPU
		{6777E3E7-DCF3-4F91-9077-D896B63E3FEE}.Ad-Hoc|iPhoneSimulator.ActiveCfg = Release|Any CPU
		{6777E3E7-DCF3-4F91-9077-D896B63E3FEE}.Ad-Hoc|iPhoneSimulator.Build.0 = Release|Any CPU
		{6777E3E7-DCF3-4F91-9077-D896B63E3FEE}.Ad-Hoc|Windows-ARM.ActiveCfg = Debug|Any CPU
		{6777E3E7-DCF3-4F91-9077-D896B63E3FEE}.Ad-Hoc|Windows-ARM.Build.0 = Debug|Any CPU
		{6777E3E7-DCF3-4F91-9077-D896B63E3FEE}.Ad-Hoc|Windows-x64.ActiveCfg = Debug|Any CPU
		{6777E3E7-DCF3-4F91-9077-D896B63E3FEE}.Ad-Hoc|Windows-x64.Build.0 = Debug|Any CPU
		{6777E3E7-DCF3-4F91-9077-D896B63E3FEE}.Ad-Hoc|Windows-x86.ActiveCfg = Debug|Any CPU
		{6777E3E7-DCF3-4F91-9077-D896B63E3FEE}.Ad-Hoc|Windows-x86.Build.0 = Debug|Any CPU
		{6777E3E7-DCF3-4F91-9077-D896B63E3FEE}.Ad-Hoc|x64.ActiveCfg = Release|Any CPU
		{6777E3E7-DCF3-4F91-9077-D896B63E3FEE}.Ad-Hoc|x64.Build.0 = Release|Any CPU
		{6777E3E7-DCF3-4F91-9077-D896B63E3FEE}.Ad-Hoc|x86.ActiveCfg = Release|Any CPU
		{6777E3E7-DCF3-4F91-9077-D896B63E3FEE}.Ad-Hoc|x86.Build.0 = Release|Any CPU
		{6777E3E7-DCF3-4F91-9077-D896B63E3FEE}.AppStore|Android.ActiveCfg = Debug|Any CPU
		{6777E3E7-DCF3-4F91-9077-D896B63E3FEE}.AppStore|Android.Build.0 = Debug|Any CPU
		{6777E3E7-DCF3-4F91-9077-D896B63E3FEE}.AppStore|Any CPU.ActiveCfg = Release|Any CPU
		{6777E3E7-DCF3-4F91-9077-D896B63E3FEE}.AppStore|Any CPU.Build.0 = Release|Any CPU
		{6777E3E7-DCF3-4F91-9077-D896B63E3FEE}.AppStore|ARM.ActiveCfg = Release|Any CPU
		{6777E3E7-DCF3-4F91-9077-D896B63E3FEE}.AppStore|ARM.Build.0 = Release|Any CPU
		{6777E3E7-DCF3-4F91-9077-D896B63E3FEE}.AppStore|iOS.ActiveCfg = Debug|Any CPU
		{6777E3E7-DCF3-4F91-9077-D896B63E3FEE}.AppStore|iOS.Build.0 = Debug|Any CPU
		{6777E3E7-DCF3-4F91-9077-D896B63E3FEE}.AppStore|iPhone.ActiveCfg = Release|Any CPU
		{6777E3E7-DCF3-4F91-9077-D896B63E3FEE}.AppStore|iPhone.Build.0 = Release|Any CPU
		{6777E3E7-DCF3-4F91-9077-D896B63E3FEE}.AppStore|iPhoneSimulator.ActiveCfg = Release|Any CPU
		{6777E3E7-DCF3-4F91-9077-D896B63E3FEE}.AppStore|iPhoneSimulator.Build.0 = Release|Any CPU
		{6777E3E7-DCF3-4F91-9077-D896B63E3FEE}.AppStore|Windows-ARM.ActiveCfg = Debug|Any CPU
		{6777E3E7-DCF3-4F91-9077-D896B63E3FEE}.AppStore|Windows-ARM.Build.0 = Debug|Any CPU
		{6777E3E7-DCF3-4F91-9077-D896B63E3FEE}.AppStore|Windows-x64.ActiveCfg = Debug|Any CPU
		{6777E3E7-DCF3-4F91-9077-D896B63E3FEE}.AppStore|Windows-x64.Build.0 = Debug|Any CPU
		{6777E3E7-DCF3-4F91-9077-D896B63E3FEE}.AppStore|Windows-x86.ActiveCfg = Debug|Any CPU
		{6777E3E7-DCF3-4F91-9077-D896B63E3FEE}.AppStore|Windows-x86.Build.0 = Debug|Any CPU
		{6777E3E7-DCF3-4F91-9077-D896B63E3FEE}.AppStore|x64.ActiveCfg = Release|Any CPU
		{6777E3E7-DCF3-4F91-9077-D896B63E3FEE}.AppStore|x64.Build.0 = Release|Any CPU
		{6777E3E7-DCF3-4F91-9077-D896B63E3FEE}.AppStore|x86.ActiveCfg = Release|Any CPU
		{6777E3E7-DCF3-4F91-9077-D896B63E3FEE}.AppStore|x86.Build.0 = Release|Any CPU
		{6777E3E7-DCF3-4F91-9077-D896B63E3FEE}.Debug|Android.ActiveCfg = Debug|Any CPU
		{6777E3E7-DCF3-4F91-9077-D896B63E3FEE}.Debug|Android.Build.0 = Debug|Any CPU
		{6777E3E7-DCF3-4F91-9077-D896B63E3FEE}.Debug|Any CPU.ActiveCfg = Debug|Any CPU
		{6777E3E7-DCF3-4F91-9077-D896B63E3FEE}.Debug|Any CPU.Build.0 = Debug|Any CPU
		{6777E3E7-DCF3-4F91-9077-D896B63E3FEE}.Debug|ARM.ActiveCfg = Debug|Any CPU
		{6777E3E7-DCF3-4F91-9077-D896B63E3FEE}.Debug|ARM.Build.0 = Debug|Any CPU
		{6777E3E7-DCF3-4F91-9077-D896B63E3FEE}.Debug|iOS.ActiveCfg = Debug|Any CPU
		{6777E3E7-DCF3-4F91-9077-D896B63E3FEE}.Debug|iOS.Build.0 = Debug|Any CPU
		{6777E3E7-DCF3-4F91-9077-D896B63E3FEE}.Debug|iPhone.ActiveCfg = Debug|Any CPU
		{6777E3E7-DCF3-4F91-9077-D896B63E3FEE}.Debug|iPhone.Build.0 = Debug|Any CPU
		{6777E3E7-DCF3-4F91-9077-D896B63E3FEE}.Debug|iPhoneSimulator.ActiveCfg = Debug|Any CPU
		{6777E3E7-DCF3-4F91-9077-D896B63E3FEE}.Debug|iPhoneSimulator.Build.0 = Debug|Any CPU
		{6777E3E7-DCF3-4F91-9077-D896B63E3FEE}.Debug|Windows-ARM.ActiveCfg = Debug|Any CPU
		{6777E3E7-DCF3-4F91-9077-D896B63E3FEE}.Debug|Windows-ARM.Build.0 = Debug|Any CPU
		{6777E3E7-DCF3-4F91-9077-D896B63E3FEE}.Debug|Windows-x64.ActiveCfg = Debug|Any CPU
		{6777E3E7-DCF3-4F91-9077-D896B63E3FEE}.Debug|Windows-x64.Build.0 = Debug|Any CPU
		{6777E3E7-DCF3-4F91-9077-D896B63E3FEE}.Debug|Windows-x86.ActiveCfg = Debug|Any CPU
		{6777E3E7-DCF3-4F91-9077-D896B63E3FEE}.Debug|Windows-x86.Build.0 = Debug|Any CPU
		{6777E3E7-DCF3-4F91-9077-D896B63E3FEE}.Debug|x64.ActiveCfg = Debug|Any CPU
		{6777E3E7-DCF3-4F91-9077-D896B63E3FEE}.Debug|x64.Build.0 = Debug|Any CPU
		{6777E3E7-DCF3-4F91-9077-D896B63E3FEE}.Debug|x86.ActiveCfg = Debug|Any CPU
		{6777E3E7-DCF3-4F91-9077-D896B63E3FEE}.Debug|x86.Build.0 = Debug|Any CPU
		{6777E3E7-DCF3-4F91-9077-D896B63E3FEE}.Release|Android.ActiveCfg = Release|Any CPU
		{6777E3E7-DCF3-4F91-9077-D896B63E3FEE}.Release|Android.Build.0 = Release|Any CPU
		{6777E3E7-DCF3-4F91-9077-D896B63E3FEE}.Release|Any CPU.ActiveCfg = Release|Any CPU
		{6777E3E7-DCF3-4F91-9077-D896B63E3FEE}.Release|Any CPU.Build.0 = Release|Any CPU
		{6777E3E7-DCF3-4F91-9077-D896B63E3FEE}.Release|ARM.ActiveCfg = Release|Any CPU
		{6777E3E7-DCF3-4F91-9077-D896B63E3FEE}.Release|ARM.Build.0 = Release|Any CPU
		{6777E3E7-DCF3-4F91-9077-D896B63E3FEE}.Release|iOS.ActiveCfg = Release|Any CPU
		{6777E3E7-DCF3-4F91-9077-D896B63E3FEE}.Release|iOS.Build.0 = Release|Any CPU
		{6777E3E7-DCF3-4F91-9077-D896B63E3FEE}.Release|iPhone.ActiveCfg = Release|Any CPU
		{6777E3E7-DCF3-4F91-9077-D896B63E3FEE}.Release|iPhone.Build.0 = Release|Any CPU
		{6777E3E7-DCF3-4F91-9077-D896B63E3FEE}.Release|iPhoneSimulator.ActiveCfg = Release|Any CPU
		{6777E3E7-DCF3-4F91-9077-D896B63E3FEE}.Release|iPhoneSimulator.Build.0 = Release|Any CPU
		{6777E3E7-DCF3-4F91-9077-D896B63E3FEE}.Release|Windows-ARM.ActiveCfg = Release|Any CPU
		{6777E3E7-DCF3-4F91-9077-D896B63E3FEE}.Release|Windows-ARM.Build.0 = Release|Any CPU
		{6777E3E7-DCF3-4F91-9077-D896B63E3FEE}.Release|Windows-x64.ActiveCfg = Release|Any CPU
		{6777E3E7-DCF3-4F91-9077-D896B63E3FEE}.Release|Windows-x64.Build.0 = Release|Any CPU
		{6777E3E7-DCF3-4F91-9077-D896B63E3FEE}.Release|Windows-x86.ActiveCfg = Release|Any CPU
		{6777E3E7-DCF3-4F91-9077-D896B63E3FEE}.Release|Windows-x86.Build.0 = Release|Any CPU
		{6777E3E7-DCF3-4F91-9077-D896B63E3FEE}.Release|x64.ActiveCfg = Release|Any CPU
		{6777E3E7-DCF3-4F91-9077-D896B63E3FEE}.Release|x64.Build.0 = Release|Any CPU
		{6777E3E7-DCF3-4F91-9077-D896B63E3FEE}.Release|x86.ActiveCfg = Release|Any CPU
		{6777E3E7-DCF3-4F91-9077-D896B63E3FEE}.Release|x86.Build.0 = Release|Any CPU
		{0591CA54-C226-4FA1-8376-EBA43A1B14A1}.Ad-Hoc|Android.ActiveCfg = Debug|Any CPU
		{0591CA54-C226-4FA1-8376-EBA43A1B14A1}.Ad-Hoc|Android.Build.0 = Debug|Any CPU
		{0591CA54-C226-4FA1-8376-EBA43A1B14A1}.Ad-Hoc|Any CPU.ActiveCfg = Release|Any CPU
		{0591CA54-C226-4FA1-8376-EBA43A1B14A1}.Ad-Hoc|Any CPU.Build.0 = Release|Any CPU
		{0591CA54-C226-4FA1-8376-EBA43A1B14A1}.Ad-Hoc|ARM.ActiveCfg = Release|Any CPU
		{0591CA54-C226-4FA1-8376-EBA43A1B14A1}.Ad-Hoc|ARM.Build.0 = Release|Any CPU
		{0591CA54-C226-4FA1-8376-EBA43A1B14A1}.Ad-Hoc|iOS.ActiveCfg = Debug|Any CPU
		{0591CA54-C226-4FA1-8376-EBA43A1B14A1}.Ad-Hoc|iOS.Build.0 = Debug|Any CPU
		{0591CA54-C226-4FA1-8376-EBA43A1B14A1}.Ad-Hoc|iPhone.ActiveCfg = Release|Any CPU
		{0591CA54-C226-4FA1-8376-EBA43A1B14A1}.Ad-Hoc|iPhone.Build.0 = Release|Any CPU
		{0591CA54-C226-4FA1-8376-EBA43A1B14A1}.Ad-Hoc|iPhoneSimulator.ActiveCfg = Release|Any CPU
		{0591CA54-C226-4FA1-8376-EBA43A1B14A1}.Ad-Hoc|iPhoneSimulator.Build.0 = Release|Any CPU
		{0591CA54-C226-4FA1-8376-EBA43A1B14A1}.Ad-Hoc|Windows-ARM.ActiveCfg = Debug|Any CPU
		{0591CA54-C226-4FA1-8376-EBA43A1B14A1}.Ad-Hoc|Windows-ARM.Build.0 = Debug|Any CPU
		{0591CA54-C226-4FA1-8376-EBA43A1B14A1}.Ad-Hoc|Windows-x64.ActiveCfg = Debug|Any CPU
		{0591CA54-C226-4FA1-8376-EBA43A1B14A1}.Ad-Hoc|Windows-x64.Build.0 = Debug|Any CPU
		{0591CA54-C226-4FA1-8376-EBA43A1B14A1}.Ad-Hoc|Windows-x86.ActiveCfg = Debug|Any CPU
		{0591CA54-C226-4FA1-8376-EBA43A1B14A1}.Ad-Hoc|Windows-x86.Build.0 = Debug|Any CPU
		{0591CA54-C226-4FA1-8376-EBA43A1B14A1}.Ad-Hoc|x64.ActiveCfg = Release|Any CPU
		{0591CA54-C226-4FA1-8376-EBA43A1B14A1}.Ad-Hoc|x64.Build.0 = Release|Any CPU
		{0591CA54-C226-4FA1-8376-EBA43A1B14A1}.Ad-Hoc|x86.ActiveCfg = Release|Any CPU
		{0591CA54-C226-4FA1-8376-EBA43A1B14A1}.Ad-Hoc|x86.Build.0 = Release|Any CPU
		{0591CA54-C226-4FA1-8376-EBA43A1B14A1}.AppStore|Android.ActiveCfg = Debug|Any CPU
		{0591CA54-C226-4FA1-8376-EBA43A1B14A1}.AppStore|Android.Build.0 = Debug|Any CPU
		{0591CA54-C226-4FA1-8376-EBA43A1B14A1}.AppStore|Any CPU.ActiveCfg = Release|Any CPU
		{0591CA54-C226-4FA1-8376-EBA43A1B14A1}.AppStore|Any CPU.Build.0 = Release|Any CPU
		{0591CA54-C226-4FA1-8376-EBA43A1B14A1}.AppStore|ARM.ActiveCfg = Release|Any CPU
		{0591CA54-C226-4FA1-8376-EBA43A1B14A1}.AppStore|ARM.Build.0 = Release|Any CPU
		{0591CA54-C226-4FA1-8376-EBA43A1B14A1}.AppStore|iOS.ActiveCfg = Debug|Any CPU
		{0591CA54-C226-4FA1-8376-EBA43A1B14A1}.AppStore|iOS.Build.0 = Debug|Any CPU
		{0591CA54-C226-4FA1-8376-EBA43A1B14A1}.AppStore|iPhone.ActiveCfg = Release|Any CPU
		{0591CA54-C226-4FA1-8376-EBA43A1B14A1}.AppStore|iPhone.Build.0 = Release|Any CPU
		{0591CA54-C226-4FA1-8376-EBA43A1B14A1}.AppStore|iPhoneSimulator.ActiveCfg = Release|Any CPU
		{0591CA54-C226-4FA1-8376-EBA43A1B14A1}.AppStore|iPhoneSimulator.Build.0 = Release|Any CPU
		{0591CA54-C226-4FA1-8376-EBA43A1B14A1}.AppStore|Windows-ARM.ActiveCfg = Debug|Any CPU
		{0591CA54-C226-4FA1-8376-EBA43A1B14A1}.AppStore|Windows-ARM.Build.0 = Debug|Any CPU
		{0591CA54-C226-4FA1-8376-EBA43A1B14A1}.AppStore|Windows-x64.ActiveCfg = Debug|Any CPU
		{0591CA54-C226-4FA1-8376-EBA43A1B14A1}.AppStore|Windows-x64.Build.0 = Debug|Any CPU
		{0591CA54-C226-4FA1-8376-EBA43A1B14A1}.AppStore|Windows-x86.ActiveCfg = Debug|Any CPU
		{0591CA54-C226-4FA1-8376-EBA43A1B14A1}.AppStore|Windows-x86.Build.0 = Debug|Any CPU
		{0591CA54-C226-4FA1-8376-EBA43A1B14A1}.AppStore|x64.ActiveCfg = Release|Any CPU
		{0591CA54-C226-4FA1-8376-EBA43A1B14A1}.AppStore|x64.Build.0 = Release|Any CPU
		{0591CA54-C226-4FA1-8376-EBA43A1B14A1}.AppStore|x86.ActiveCfg = Release|Any CPU
		{0591CA54-C226-4FA1-8376-EBA43A1B14A1}.AppStore|x86.Build.0 = Release|Any CPU
		{0591CA54-C226-4FA1-8376-EBA43A1B14A1}.Debug|Android.ActiveCfg = Debug|Any CPU
		{0591CA54-C226-4FA1-8376-EBA43A1B14A1}.Debug|Android.Build.0 = Debug|Any CPU
		{0591CA54-C226-4FA1-8376-EBA43A1B14A1}.Debug|Any CPU.ActiveCfg = Debug|Any CPU
		{0591CA54-C226-4FA1-8376-EBA43A1B14A1}.Debug|Any CPU.Build.0 = Debug|Any CPU
		{0591CA54-C226-4FA1-8376-EBA43A1B14A1}.Debug|ARM.ActiveCfg = Debug|Any CPU
		{0591CA54-C226-4FA1-8376-EBA43A1B14A1}.Debug|ARM.Build.0 = Debug|Any CPU
		{0591CA54-C226-4FA1-8376-EBA43A1B14A1}.Debug|iOS.ActiveCfg = Debug|Any CPU
		{0591CA54-C226-4FA1-8376-EBA43A1B14A1}.Debug|iOS.Build.0 = Debug|Any CPU
		{0591CA54-C226-4FA1-8376-EBA43A1B14A1}.Debug|iPhone.ActiveCfg = Debug|Any CPU
		{0591CA54-C226-4FA1-8376-EBA43A1B14A1}.Debug|iPhone.Build.0 = Debug|Any CPU
		{0591CA54-C226-4FA1-8376-EBA43A1B14A1}.Debug|iPhoneSimulator.ActiveCfg = Debug|Any CPU
		{0591CA54-C226-4FA1-8376-EBA43A1B14A1}.Debug|iPhoneSimulator.Build.0 = Debug|Any CPU
		{0591CA54-C226-4FA1-8376-EBA43A1B14A1}.Debug|Windows-ARM.ActiveCfg = Debug|Any CPU
		{0591CA54-C226-4FA1-8376-EBA43A1B14A1}.Debug|Windows-ARM.Build.0 = Debug|Any CPU
		{0591CA54-C226-4FA1-8376-EBA43A1B14A1}.Debug|Windows-x64.ActiveCfg = Debug|Any CPU
		{0591CA54-C226-4FA1-8376-EBA43A1B14A1}.Debug|Windows-x64.Build.0 = Debug|Any CPU
		{0591CA54-C226-4FA1-8376-EBA43A1B14A1}.Debug|Windows-x86.ActiveCfg = Debug|Any CPU
		{0591CA54-C226-4FA1-8376-EBA43A1B14A1}.Debug|Windows-x86.Build.0 = Debug|Any CPU
		{0591CA54-C226-4FA1-8376-EBA43A1B14A1}.Debug|x64.ActiveCfg = Debug|Any CPU
		{0591CA54-C226-4FA1-8376-EBA43A1B14A1}.Debug|x64.Build.0 = Debug|Any CPU
		{0591CA54-C226-4FA1-8376-EBA43A1B14A1}.Debug|x86.ActiveCfg = Debug|Any CPU
		{0591CA54-C226-4FA1-8376-EBA43A1B14A1}.Debug|x86.Build.0 = Debug|Any CPU
		{0591CA54-C226-4FA1-8376-EBA43A1B14A1}.Release|Android.ActiveCfg = Release|Any CPU
		{0591CA54-C226-4FA1-8376-EBA43A1B14A1}.Release|Android.Build.0 = Release|Any CPU
		{0591CA54-C226-4FA1-8376-EBA43A1B14A1}.Release|Any CPU.ActiveCfg = Release|Any CPU
		{0591CA54-C226-4FA1-8376-EBA43A1B14A1}.Release|Any CPU.Build.0 = Release|Any CPU
		{0591CA54-C226-4FA1-8376-EBA43A1B14A1}.Release|ARM.ActiveCfg = Release|Any CPU
		{0591CA54-C226-4FA1-8376-EBA43A1B14A1}.Release|ARM.Build.0 = Release|Any CPU
		{0591CA54-C226-4FA1-8376-EBA43A1B14A1}.Release|iOS.ActiveCfg = Release|Any CPU
		{0591CA54-C226-4FA1-8376-EBA43A1B14A1}.Release|iOS.Build.0 = Release|Any CPU
		{0591CA54-C226-4FA1-8376-EBA43A1B14A1}.Release|iPhone.ActiveCfg = Release|Any CPU
		{0591CA54-C226-4FA1-8376-EBA43A1B14A1}.Release|iPhone.Build.0 = Release|Any CPU
		{0591CA54-C226-4FA1-8376-EBA43A1B14A1}.Release|iPhoneSimulator.ActiveCfg = Release|Any CPU
		{0591CA54-C226-4FA1-8376-EBA43A1B14A1}.Release|iPhoneSimulator.Build.0 = Release|Any CPU
		{0591CA54-C226-4FA1-8376-EBA43A1B14A1}.Release|Windows-ARM.ActiveCfg = Release|Any CPU
		{0591CA54-C226-4FA1-8376-EBA43A1B14A1}.Release|Windows-ARM.Build.0 = Release|Any CPU
		{0591CA54-C226-4FA1-8376-EBA43A1B14A1}.Release|Windows-x64.ActiveCfg = Release|Any CPU
		{0591CA54-C226-4FA1-8376-EBA43A1B14A1}.Release|Windows-x64.Build.0 = Release|Any CPU
		{0591CA54-C226-4FA1-8376-EBA43A1B14A1}.Release|Windows-x86.ActiveCfg = Release|Any CPU
		{0591CA54-C226-4FA1-8376-EBA43A1B14A1}.Release|Windows-x86.Build.0 = Release|Any CPU
		{0591CA54-C226-4FA1-8376-EBA43A1B14A1}.Release|x64.ActiveCfg = Release|Any CPU
		{0591CA54-C226-4FA1-8376-EBA43A1B14A1}.Release|x64.Build.0 = Release|Any CPU
		{0591CA54-C226-4FA1-8376-EBA43A1B14A1}.Release|x86.ActiveCfg = Release|Any CPU
		{0591CA54-C226-4FA1-8376-EBA43A1B14A1}.Release|x86.Build.0 = Release|Any CPU
		{BAA1FC3D-F484-464F-ABE2-DC83A4E07043}.Ad-Hoc|Android.ActiveCfg = Debug|Any CPU
		{BAA1FC3D-F484-464F-ABE2-DC83A4E07043}.Ad-Hoc|Android.Build.0 = Debug|Any CPU
		{BAA1FC3D-F484-464F-ABE2-DC83A4E07043}.Ad-Hoc|Any CPU.ActiveCfg = Release|Any CPU
		{BAA1FC3D-F484-464F-ABE2-DC83A4E07043}.Ad-Hoc|Any CPU.Build.0 = Release|Any CPU
		{BAA1FC3D-F484-464F-ABE2-DC83A4E07043}.Ad-Hoc|ARM.ActiveCfg = Release|Any CPU
		{BAA1FC3D-F484-464F-ABE2-DC83A4E07043}.Ad-Hoc|ARM.Build.0 = Release|Any CPU
		{BAA1FC3D-F484-464F-ABE2-DC83A4E07043}.Ad-Hoc|iOS.ActiveCfg = Debug|Any CPU
		{BAA1FC3D-F484-464F-ABE2-DC83A4E07043}.Ad-Hoc|iOS.Build.0 = Debug|Any CPU
		{BAA1FC3D-F484-464F-ABE2-DC83A4E07043}.Ad-Hoc|iPhone.ActiveCfg = Release|Any CPU
		{BAA1FC3D-F484-464F-ABE2-DC83A4E07043}.Ad-Hoc|iPhone.Build.0 = Release|Any CPU
		{BAA1FC3D-F484-464F-ABE2-DC83A4E07043}.Ad-Hoc|iPhoneSimulator.ActiveCfg = Release|Any CPU
		{BAA1FC3D-F484-464F-ABE2-DC83A4E07043}.Ad-Hoc|iPhoneSimulator.Build.0 = Release|Any CPU
		{BAA1FC3D-F484-464F-ABE2-DC83A4E07043}.Ad-Hoc|Windows-ARM.ActiveCfg = Debug|Any CPU
		{BAA1FC3D-F484-464F-ABE2-DC83A4E07043}.Ad-Hoc|Windows-ARM.Build.0 = Debug|Any CPU
		{BAA1FC3D-F484-464F-ABE2-DC83A4E07043}.Ad-Hoc|Windows-x64.ActiveCfg = Debug|Any CPU
		{BAA1FC3D-F484-464F-ABE2-DC83A4E07043}.Ad-Hoc|Windows-x64.Build.0 = Debug|Any CPU
		{BAA1FC3D-F484-464F-ABE2-DC83A4E07043}.Ad-Hoc|Windows-x86.ActiveCfg = Debug|Any CPU
		{BAA1FC3D-F484-464F-ABE2-DC83A4E07043}.Ad-Hoc|Windows-x86.Build.0 = Debug|Any CPU
		{BAA1FC3D-F484-464F-ABE2-DC83A4E07043}.Ad-Hoc|x64.ActiveCfg = Release|Any CPU
		{BAA1FC3D-F484-464F-ABE2-DC83A4E07043}.Ad-Hoc|x64.Build.0 = Release|Any CPU
		{BAA1FC3D-F484-464F-ABE2-DC83A4E07043}.Ad-Hoc|x86.ActiveCfg = Release|Any CPU
		{BAA1FC3D-F484-464F-ABE2-DC83A4E07043}.Ad-Hoc|x86.Build.0 = Release|Any CPU
		{BAA1FC3D-F484-464F-ABE2-DC83A4E07043}.AppStore|Android.ActiveCfg = Debug|Any CPU
		{BAA1FC3D-F484-464F-ABE2-DC83A4E07043}.AppStore|Android.Build.0 = Debug|Any CPU
		{BAA1FC3D-F484-464F-ABE2-DC83A4E07043}.AppStore|Any CPU.ActiveCfg = Release|Any CPU
		{BAA1FC3D-F484-464F-ABE2-DC83A4E07043}.AppStore|Any CPU.Build.0 = Release|Any CPU
		{BAA1FC3D-F484-464F-ABE2-DC83A4E07043}.AppStore|ARM.ActiveCfg = Release|Any CPU
		{BAA1FC3D-F484-464F-ABE2-DC83A4E07043}.AppStore|ARM.Build.0 = Release|Any CPU
		{BAA1FC3D-F484-464F-ABE2-DC83A4E07043}.AppStore|iOS.ActiveCfg = Debug|Any CPU
		{BAA1FC3D-F484-464F-ABE2-DC83A4E07043}.AppStore|iOS.Build.0 = Debug|Any CPU
		{BAA1FC3D-F484-464F-ABE2-DC83A4E07043}.AppStore|iPhone.ActiveCfg = Release|Any CPU
		{BAA1FC3D-F484-464F-ABE2-DC83A4E07043}.AppStore|iPhone.Build.0 = Release|Any CPU
		{BAA1FC3D-F484-464F-ABE2-DC83A4E07043}.AppStore|iPhoneSimulator.ActiveCfg = Release|Any CPU
		{BAA1FC3D-F484-464F-ABE2-DC83A4E07043}.AppStore|iPhoneSimulator.Build.0 = Release|Any CPU
		{BAA1FC3D-F484-464F-ABE2-DC83A4E07043}.AppStore|Windows-ARM.ActiveCfg = Debug|Any CPU
		{BAA1FC3D-F484-464F-ABE2-DC83A4E07043}.AppStore|Windows-ARM.Build.0 = Debug|Any CPU
		{BAA1FC3D-F484-464F-ABE2-DC83A4E07043}.AppStore|Windows-x64.ActiveCfg = Debug|Any CPU
		{BAA1FC3D-F484-464F-ABE2-DC83A4E07043}.AppStore|Windows-x64.Build.0 = Debug|Any CPU
		{BAA1FC3D-F484-464F-ABE2-DC83A4E07043}.AppStore|Windows-x86.ActiveCfg = Debug|Any CPU
		{BAA1FC3D-F484-464F-ABE2-DC83A4E07043}.AppStore|Windows-x86.Build.0 = Debug|Any CPU
		{BAA1FC3D-F484-464F-ABE2-DC83A4E07043}.AppStore|x64.ActiveCfg = Release|Any CPU
		{BAA1FC3D-F484-464F-ABE2-DC83A4E07043}.AppStore|x64.Build.0 = Release|Any CPU
		{BAA1FC3D-F484-464F-ABE2-DC83A4E07043}.AppStore|x86.ActiveCfg = Release|Any CPU
		{BAA1FC3D-F484-464F-ABE2-DC83A4E07043}.AppStore|x86.Build.0 = Release|Any CPU
		{BAA1FC3D-F484-464F-ABE2-DC83A4E07043}.Debug|Android.ActiveCfg = Debug|Any CPU
		{BAA1FC3D-F484-464F-ABE2-DC83A4E07043}.Debug|Android.Build.0 = Debug|Any CPU
		{BAA1FC3D-F484-464F-ABE2-DC83A4E07043}.Debug|Any CPU.ActiveCfg = Debug|Any CPU
		{BAA1FC3D-F484-464F-ABE2-DC83A4E07043}.Debug|Any CPU.Build.0 = Debug|Any CPU
		{BAA1FC3D-F484-464F-ABE2-DC83A4E07043}.Debug|ARM.ActiveCfg = Debug|Any CPU
		{BAA1FC3D-F484-464F-ABE2-DC83A4E07043}.Debug|ARM.Build.0 = Debug|Any CPU
		{BAA1FC3D-F484-464F-ABE2-DC83A4E07043}.Debug|iOS.ActiveCfg = Debug|Any CPU
		{BAA1FC3D-F484-464F-ABE2-DC83A4E07043}.Debug|iOS.Build.0 = Debug|Any CPU
		{BAA1FC3D-F484-464F-ABE2-DC83A4E07043}.Debug|iPhone.ActiveCfg = Debug|Any CPU
		{BAA1FC3D-F484-464F-ABE2-DC83A4E07043}.Debug|iPhone.Build.0 = Debug|Any CPU
		{BAA1FC3D-F484-464F-ABE2-DC83A4E07043}.Debug|iPhoneSimulator.ActiveCfg = Debug|Any CPU
		{BAA1FC3D-F484-464F-ABE2-DC83A4E07043}.Debug|iPhoneSimulator.Build.0 = Debug|Any CPU
		{BAA1FC3D-F484-464F-ABE2-DC83A4E07043}.Debug|Windows-ARM.ActiveCfg = Debug|Any CPU
		{BAA1FC3D-F484-464F-ABE2-DC83A4E07043}.Debug|Windows-ARM.Build.0 = Debug|Any CPU
		{BAA1FC3D-F484-464F-ABE2-DC83A4E07043}.Debug|Windows-x64.ActiveCfg = Debug|Any CPU
		{BAA1FC3D-F484-464F-ABE2-DC83A4E07043}.Debug|Windows-x64.Build.0 = Debug|Any CPU
		{BAA1FC3D-F484-464F-ABE2-DC83A4E07043}.Debug|Windows-x86.ActiveCfg = Debug|Any CPU
		{BAA1FC3D-F484-464F-ABE2-DC83A4E07043}.Debug|Windows-x86.Build.0 = Debug|Any CPU
		{BAA1FC3D-F484-464F-ABE2-DC83A4E07043}.Debug|x64.ActiveCfg = Debug|Any CPU
		{BAA1FC3D-F484-464F-ABE2-DC83A4E07043}.Debug|x64.Build.0 = Debug|Any CPU
		{BAA1FC3D-F484-464F-ABE2-DC83A4E07043}.Debug|x86.ActiveCfg = Debug|Any CPU
		{BAA1FC3D-F484-464F-ABE2-DC83A4E07043}.Debug|x86.Build.0 = Debug|Any CPU
		{BAA1FC3D-F484-464F-ABE2-DC83A4E07043}.Release|Android.ActiveCfg = Release|Any CPU
		{BAA1FC3D-F484-464F-ABE2-DC83A4E07043}.Release|Android.Build.0 = Release|Any CPU
		{BAA1FC3D-F484-464F-ABE2-DC83A4E07043}.Release|Any CPU.ActiveCfg = Release|Any CPU
		{BAA1FC3D-F484-464F-ABE2-DC83A4E07043}.Release|Any CPU.Build.0 = Release|Any CPU
		{BAA1FC3D-F484-464F-ABE2-DC83A4E07043}.Release|ARM.ActiveCfg = Release|Any CPU
		{BAA1FC3D-F484-464F-ABE2-DC83A4E07043}.Release|ARM.Build.0 = Release|Any CPU
		{BAA1FC3D-F484-464F-ABE2-DC83A4E07043}.Release|iOS.ActiveCfg = Release|Any CPU
		{BAA1FC3D-F484-464F-ABE2-DC83A4E07043}.Release|iOS.Build.0 = Release|Any CPU
		{BAA1FC3D-F484-464F-ABE2-DC83A4E07043}.Release|iPhone.ActiveCfg = Release|Any CPU
		{BAA1FC3D-F484-464F-ABE2-DC83A4E07043}.Release|iPhone.Build.0 = Release|Any CPU
		{BAA1FC3D-F484-464F-ABE2-DC83A4E07043}.Release|iPhoneSimulator.ActiveCfg = Release|Any CPU
		{BAA1FC3D-F484-464F-ABE2-DC83A4E07043}.Release|iPhoneSimulator.Build.0 = Release|Any CPU
		{BAA1FC3D-F484-464F-ABE2-DC83A4E07043}.Release|Windows-ARM.ActiveCfg = Release|Any CPU
		{BAA1FC3D-F484-464F-ABE2-DC83A4E07043}.Release|Windows-ARM.Build.0 = Release|Any CPU
		{BAA1FC3D-F484-464F-ABE2-DC83A4E07043}.Release|Windows-x64.ActiveCfg = Release|Any CPU
		{BAA1FC3D-F484-464F-ABE2-DC83A4E07043}.Release|Windows-x64.Build.0 = Release|Any CPU
		{BAA1FC3D-F484-464F-ABE2-DC83A4E07043}.Release|Windows-x86.ActiveCfg = Release|Any CPU
		{BAA1FC3D-F484-464F-ABE2-DC83A4E07043}.Release|Windows-x86.Build.0 = Release|Any CPU
		{BAA1FC3D-F484-464F-ABE2-DC83A4E07043}.Release|x64.ActiveCfg = Release|Any CPU
		{BAA1FC3D-F484-464F-ABE2-DC83A4E07043}.Release|x64.Build.0 = Release|Any CPU
		{BAA1FC3D-F484-464F-ABE2-DC83A4E07043}.Release|x86.ActiveCfg = Release|Any CPU
		{BAA1FC3D-F484-464F-ABE2-DC83A4E07043}.Release|x86.Build.0 = Release|Any CPU
		{7A5BB7FE-F5C6-4C5A-B359-05C21F51F39B}.Ad-Hoc|Android.ActiveCfg = Debug|Any CPU
		{7A5BB7FE-F5C6-4C5A-B359-05C21F51F39B}.Ad-Hoc|Android.Build.0 = Debug|Any CPU
		{7A5BB7FE-F5C6-4C5A-B359-05C21F51F39B}.Ad-Hoc|Any CPU.ActiveCfg = Debug|Any CPU
		{7A5BB7FE-F5C6-4C5A-B359-05C21F51F39B}.Ad-Hoc|Any CPU.Build.0 = Debug|Any CPU
		{7A5BB7FE-F5C6-4C5A-B359-05C21F51F39B}.Ad-Hoc|ARM.ActiveCfg = Debug|Any CPU
		{7A5BB7FE-F5C6-4C5A-B359-05C21F51F39B}.Ad-Hoc|ARM.Build.0 = Debug|Any CPU
		{7A5BB7FE-F5C6-4C5A-B359-05C21F51F39B}.Ad-Hoc|iOS.ActiveCfg = Debug|Any CPU
		{7A5BB7FE-F5C6-4C5A-B359-05C21F51F39B}.Ad-Hoc|iOS.Build.0 = Debug|Any CPU
		{7A5BB7FE-F5C6-4C5A-B359-05C21F51F39B}.Ad-Hoc|iPhone.ActiveCfg = Debug|Any CPU
		{7A5BB7FE-F5C6-4C5A-B359-05C21F51F39B}.Ad-Hoc|iPhone.Build.0 = Debug|Any CPU
		{7A5BB7FE-F5C6-4C5A-B359-05C21F51F39B}.Ad-Hoc|iPhoneSimulator.ActiveCfg = Debug|Any CPU
		{7A5BB7FE-F5C6-4C5A-B359-05C21F51F39B}.Ad-Hoc|iPhoneSimulator.Build.0 = Debug|Any CPU
		{7A5BB7FE-F5C6-4C5A-B359-05C21F51F39B}.Ad-Hoc|Windows-ARM.ActiveCfg = Debug|Any CPU
		{7A5BB7FE-F5C6-4C5A-B359-05C21F51F39B}.Ad-Hoc|Windows-ARM.Build.0 = Debug|Any CPU
		{7A5BB7FE-F5C6-4C5A-B359-05C21F51F39B}.Ad-Hoc|Windows-x64.ActiveCfg = Debug|Any CPU
		{7A5BB7FE-F5C6-4C5A-B359-05C21F51F39B}.Ad-Hoc|Windows-x64.Build.0 = Debug|Any CPU
		{7A5BB7FE-F5C6-4C5A-B359-05C21F51F39B}.Ad-Hoc|Windows-x86.ActiveCfg = Debug|Any CPU
		{7A5BB7FE-F5C6-4C5A-B359-05C21F51F39B}.Ad-Hoc|Windows-x86.Build.0 = Debug|Any CPU
		{7A5BB7FE-F5C6-4C5A-B359-05C21F51F39B}.Ad-Hoc|x64.ActiveCfg = Debug|Any CPU
		{7A5BB7FE-F5C6-4C5A-B359-05C21F51F39B}.Ad-Hoc|x64.Build.0 = Debug|Any CPU
		{7A5BB7FE-F5C6-4C5A-B359-05C21F51F39B}.Ad-Hoc|x86.ActiveCfg = Debug|Any CPU
		{7A5BB7FE-F5C6-4C5A-B359-05C21F51F39B}.Ad-Hoc|x86.Build.0 = Debug|Any CPU
		{7A5BB7FE-F5C6-4C5A-B359-05C21F51F39B}.AppStore|Android.ActiveCfg = Debug|Any CPU
		{7A5BB7FE-F5C6-4C5A-B359-05C21F51F39B}.AppStore|Android.Build.0 = Debug|Any CPU
		{7A5BB7FE-F5C6-4C5A-B359-05C21F51F39B}.AppStore|Any CPU.ActiveCfg = Debug|Any CPU
		{7A5BB7FE-F5C6-4C5A-B359-05C21F51F39B}.AppStore|Any CPU.Build.0 = Debug|Any CPU
		{7A5BB7FE-F5C6-4C5A-B359-05C21F51F39B}.AppStore|ARM.ActiveCfg = Debug|Any CPU
		{7A5BB7FE-F5C6-4C5A-B359-05C21F51F39B}.AppStore|ARM.Build.0 = Debug|Any CPU
		{7A5BB7FE-F5C6-4C5A-B359-05C21F51F39B}.AppStore|iOS.ActiveCfg = Debug|Any CPU
		{7A5BB7FE-F5C6-4C5A-B359-05C21F51F39B}.AppStore|iOS.Build.0 = Debug|Any CPU
		{7A5BB7FE-F5C6-4C5A-B359-05C21F51F39B}.AppStore|iPhone.ActiveCfg = Debug|Any CPU
		{7A5BB7FE-F5C6-4C5A-B359-05C21F51F39B}.AppStore|iPhone.Build.0 = Debug|Any CPU
		{7A5BB7FE-F5C6-4C5A-B359-05C21F51F39B}.AppStore|iPhoneSimulator.ActiveCfg = Debug|Any CPU
		{7A5BB7FE-F5C6-4C5A-B359-05C21F51F39B}.AppStore|iPhoneSimulator.Build.0 = Debug|Any CPU
		{7A5BB7FE-F5C6-4C5A-B359-05C21F51F39B}.AppStore|Windows-ARM.ActiveCfg = Debug|Any CPU
		{7A5BB7FE-F5C6-4C5A-B359-05C21F51F39B}.AppStore|Windows-ARM.Build.0 = Debug|Any CPU
		{7A5BB7FE-F5C6-4C5A-B359-05C21F51F39B}.AppStore|Windows-x64.ActiveCfg = Debug|Any CPU
		{7A5BB7FE-F5C6-4C5A-B359-05C21F51F39B}.AppStore|Windows-x64.Build.0 = Debug|Any CPU
		{7A5BB7FE-F5C6-4C5A-B359-05C21F51F39B}.AppStore|Windows-x86.ActiveCfg = Debug|Any CPU
		{7A5BB7FE-F5C6-4C5A-B359-05C21F51F39B}.AppStore|Windows-x86.Build.0 = Debug|Any CPU
		{7A5BB7FE-F5C6-4C5A-B359-05C21F51F39B}.AppStore|x64.ActiveCfg = Debug|Any CPU
		{7A5BB7FE-F5C6-4C5A-B359-05C21F51F39B}.AppStore|x64.Build.0 = Debug|Any CPU
		{7A5BB7FE-F5C6-4C5A-B359-05C21F51F39B}.AppStore|x86.ActiveCfg = Debug|Any CPU
		{7A5BB7FE-F5C6-4C5A-B359-05C21F51F39B}.AppStore|x86.Build.0 = Debug|Any CPU
		{7A5BB7FE-F5C6-4C5A-B359-05C21F51F39B}.Debug|Android.ActiveCfg = Debug|Any CPU
		{7A5BB7FE-F5C6-4C5A-B359-05C21F51F39B}.Debug|Android.Build.0 = Debug|Any CPU
		{7A5BB7FE-F5C6-4C5A-B359-05C21F51F39B}.Debug|Any CPU.ActiveCfg = Debug|Any CPU
		{7A5BB7FE-F5C6-4C5A-B359-05C21F51F39B}.Debug|ARM.ActiveCfg = Debug|Any CPU
		{7A5BB7FE-F5C6-4C5A-B359-05C21F51F39B}.Debug|ARM.Build.0 = Debug|Any CPU
		{7A5BB7FE-F5C6-4C5A-B359-05C21F51F39B}.Debug|iOS.ActiveCfg = Debug|Any CPU
		{7A5BB7FE-F5C6-4C5A-B359-05C21F51F39B}.Debug|iPhone.ActiveCfg = Debug|Any CPU
		{7A5BB7FE-F5C6-4C5A-B359-05C21F51F39B}.Debug|iPhone.Build.0 = Debug|Any CPU
		{7A5BB7FE-F5C6-4C5A-B359-05C21F51F39B}.Debug|iPhoneSimulator.ActiveCfg = Debug|Any CPU
		{7A5BB7FE-F5C6-4C5A-B359-05C21F51F39B}.Debug|iPhoneSimulator.Build.0 = Debug|Any CPU
		{7A5BB7FE-F5C6-4C5A-B359-05C21F51F39B}.Debug|Windows-ARM.ActiveCfg = Debug|Any CPU
		{7A5BB7FE-F5C6-4C5A-B359-05C21F51F39B}.Debug|Windows-ARM.Build.0 = Debug|Any CPU
		{7A5BB7FE-F5C6-4C5A-B359-05C21F51F39B}.Debug|Windows-x64.ActiveCfg = Debug|Any CPU
		{7A5BB7FE-F5C6-4C5A-B359-05C21F51F39B}.Debug|Windows-x64.Build.0 = Debug|Any CPU
		{7A5BB7FE-F5C6-4C5A-B359-05C21F51F39B}.Debug|Windows-x86.ActiveCfg = Debug|Any CPU
		{7A5BB7FE-F5C6-4C5A-B359-05C21F51F39B}.Debug|Windows-x86.Build.0 = Debug|Any CPU
		{7A5BB7FE-F5C6-4C5A-B359-05C21F51F39B}.Debug|x64.ActiveCfg = Debug|Any CPU
		{7A5BB7FE-F5C6-4C5A-B359-05C21F51F39B}.Debug|x64.Build.0 = Debug|Any CPU
		{7A5BB7FE-F5C6-4C5A-B359-05C21F51F39B}.Debug|x86.ActiveCfg = Debug|Any CPU
		{7A5BB7FE-F5C6-4C5A-B359-05C21F51F39B}.Debug|x86.Build.0 = Debug|Any CPU
		{7A5BB7FE-F5C6-4C5A-B359-05C21F51F39B}.Release|Android.ActiveCfg = Debug|Any CPU
		{7A5BB7FE-F5C6-4C5A-B359-05C21F51F39B}.Release|Android.Build.0 = Debug|Any CPU
		{7A5BB7FE-F5C6-4C5A-B359-05C21F51F39B}.Release|Any CPU.ActiveCfg = Debug|Any CPU
		{7A5BB7FE-F5C6-4C5A-B359-05C21F51F39B}.Release|Any CPU.Build.0 = Debug|Any CPU
		{7A5BB7FE-F5C6-4C5A-B359-05C21F51F39B}.Release|ARM.ActiveCfg = Debug|Any CPU
		{7A5BB7FE-F5C6-4C5A-B359-05C21F51F39B}.Release|ARM.Build.0 = Debug|Any CPU
		{7A5BB7FE-F5C6-4C5A-B359-05C21F51F39B}.Release|iOS.ActiveCfg = Debug|Any CPU
		{7A5BB7FE-F5C6-4C5A-B359-05C21F51F39B}.Release|iOS.Build.0 = Debug|Any CPU
		{7A5BB7FE-F5C6-4C5A-B359-05C21F51F39B}.Release|iPhone.ActiveCfg = Debug|Any CPU
		{7A5BB7FE-F5C6-4C5A-B359-05C21F51F39B}.Release|iPhone.Build.0 = Debug|Any CPU
		{7A5BB7FE-F5C6-4C5A-B359-05C21F51F39B}.Release|iPhoneSimulator.ActiveCfg = Debug|Any CPU
		{7A5BB7FE-F5C6-4C5A-B359-05C21F51F39B}.Release|iPhoneSimulator.Build.0 = Debug|Any CPU
		{7A5BB7FE-F5C6-4C5A-B359-05C21F51F39B}.Release|Windows-ARM.ActiveCfg = Debug|Any CPU
		{7A5BB7FE-F5C6-4C5A-B359-05C21F51F39B}.Release|Windows-ARM.Build.0 = Debug|Any CPU
		{7A5BB7FE-F5C6-4C5A-B359-05C21F51F39B}.Release|Windows-x64.ActiveCfg = Debug|Any CPU
		{7A5BB7FE-F5C6-4C5A-B359-05C21F51F39B}.Release|Windows-x64.Build.0 = Debug|Any CPU
		{7A5BB7FE-F5C6-4C5A-B359-05C21F51F39B}.Release|Windows-x86.ActiveCfg = Debug|Any CPU
		{7A5BB7FE-F5C6-4C5A-B359-05C21F51F39B}.Release|Windows-x86.Build.0 = Debug|Any CPU
		{7A5BB7FE-F5C6-4C5A-B359-05C21F51F39B}.Release|x64.ActiveCfg = Debug|Any CPU
		{7A5BB7FE-F5C6-4C5A-B359-05C21F51F39B}.Release|x64.Build.0 = Debug|Any CPU
		{7A5BB7FE-F5C6-4C5A-B359-05C21F51F39B}.Release|x86.ActiveCfg = Debug|Any CPU
		{7A5BB7FE-F5C6-4C5A-B359-05C21F51F39B}.Release|x86.Build.0 = Debug|Any CPU
		{B50F7019-F450-4656-BEBD-7B23D99F8E77}.Ad-Hoc|Android.ActiveCfg = Release|Any CPU
		{B50F7019-F450-4656-BEBD-7B23D99F8E77}.Ad-Hoc|Android.Build.0 = Release|Any CPU
		{B50F7019-F450-4656-BEBD-7B23D99F8E77}.Ad-Hoc|Any CPU.ActiveCfg = Release|Any CPU
		{B50F7019-F450-4656-BEBD-7B23D99F8E77}.Ad-Hoc|Any CPU.Build.0 = Release|Any CPU
		{B50F7019-F450-4656-BEBD-7B23D99F8E77}.Ad-Hoc|ARM.ActiveCfg = Release|Any CPU
		{B50F7019-F450-4656-BEBD-7B23D99F8E77}.Ad-Hoc|ARM.Build.0 = Release|Any CPU
		{B50F7019-F450-4656-BEBD-7B23D99F8E77}.Ad-Hoc|iOS.ActiveCfg = Release|Any CPU
		{B50F7019-F450-4656-BEBD-7B23D99F8E77}.Ad-Hoc|iOS.Build.0 = Release|Any CPU
		{B50F7019-F450-4656-BEBD-7B23D99F8E77}.Ad-Hoc|iPhone.ActiveCfg = Release|Any CPU
		{B50F7019-F450-4656-BEBD-7B23D99F8E77}.Ad-Hoc|iPhone.Build.0 = Release|Any CPU
		{B50F7019-F450-4656-BEBD-7B23D99F8E77}.Ad-Hoc|iPhoneSimulator.ActiveCfg = Release|Any CPU
		{B50F7019-F450-4656-BEBD-7B23D99F8E77}.Ad-Hoc|iPhoneSimulator.Build.0 = Release|Any CPU
		{B50F7019-F450-4656-BEBD-7B23D99F8E77}.Ad-Hoc|Windows-ARM.ActiveCfg = Release|Any CPU
		{B50F7019-F450-4656-BEBD-7B23D99F8E77}.Ad-Hoc|Windows-ARM.Build.0 = Release|Any CPU
		{B50F7019-F450-4656-BEBD-7B23D99F8E77}.Ad-Hoc|Windows-x64.ActiveCfg = Release|Any CPU
		{B50F7019-F450-4656-BEBD-7B23D99F8E77}.Ad-Hoc|Windows-x64.Build.0 = Release|Any CPU
		{B50F7019-F450-4656-BEBD-7B23D99F8E77}.Ad-Hoc|Windows-x86.ActiveCfg = Release|Any CPU
		{B50F7019-F450-4656-BEBD-7B23D99F8E77}.Ad-Hoc|Windows-x86.Build.0 = Release|Any CPU
		{B50F7019-F450-4656-BEBD-7B23D99F8E77}.Ad-Hoc|x64.ActiveCfg = Release|Any CPU
		{B50F7019-F450-4656-BEBD-7B23D99F8E77}.Ad-Hoc|x64.Build.0 = Release|Any CPU
		{B50F7019-F450-4656-BEBD-7B23D99F8E77}.Ad-Hoc|x86.ActiveCfg = Release|Any CPU
		{B50F7019-F450-4656-BEBD-7B23D99F8E77}.Ad-Hoc|x86.Build.0 = Release|Any CPU
		{B50F7019-F450-4656-BEBD-7B23D99F8E77}.AppStore|Android.ActiveCfg = Release|Any CPU
		{B50F7019-F450-4656-BEBD-7B23D99F8E77}.AppStore|Android.Build.0 = Release|Any CPU
		{B50F7019-F450-4656-BEBD-7B23D99F8E77}.AppStore|Any CPU.ActiveCfg = Release|Any CPU
		{B50F7019-F450-4656-BEBD-7B23D99F8E77}.AppStore|Any CPU.Build.0 = Release|Any CPU
		{B50F7019-F450-4656-BEBD-7B23D99F8E77}.AppStore|ARM.ActiveCfg = Release|Any CPU
		{B50F7019-F450-4656-BEBD-7B23D99F8E77}.AppStore|ARM.Build.0 = Release|Any CPU
		{B50F7019-F450-4656-BEBD-7B23D99F8E77}.AppStore|iOS.ActiveCfg = Release|Any CPU
		{B50F7019-F450-4656-BEBD-7B23D99F8E77}.AppStore|iOS.Build.0 = Release|Any CPU
		{B50F7019-F450-4656-BEBD-7B23D99F8E77}.AppStore|iPhone.ActiveCfg = Release|Any CPU
		{B50F7019-F450-4656-BEBD-7B23D99F8E77}.AppStore|iPhone.Build.0 = Release|Any CPU
		{B50F7019-F450-4656-BEBD-7B23D99F8E77}.AppStore|iPhoneSimulator.ActiveCfg = Release|Any CPU
		{B50F7019-F450-4656-BEBD-7B23D99F8E77}.AppStore|iPhoneSimulator.Build.0 = Release|Any CPU
		{B50F7019-F450-4656-BEBD-7B23D99F8E77}.AppStore|Windows-ARM.ActiveCfg = Release|Any CPU
		{B50F7019-F450-4656-BEBD-7B23D99F8E77}.AppStore|Windows-ARM.Build.0 = Release|Any CPU
		{B50F7019-F450-4656-BEBD-7B23D99F8E77}.AppStore|Windows-x64.ActiveCfg = Release|Any CPU
		{B50F7019-F450-4656-BEBD-7B23D99F8E77}.AppStore|Windows-x64.Build.0 = Release|Any CPU
		{B50F7019-F450-4656-BEBD-7B23D99F8E77}.AppStore|Windows-x86.ActiveCfg = Release|Any CPU
		{B50F7019-F450-4656-BEBD-7B23D99F8E77}.AppStore|Windows-x86.Build.0 = Release|Any CPU
		{B50F7019-F450-4656-BEBD-7B23D99F8E77}.AppStore|x64.ActiveCfg = Release|Any CPU
		{B50F7019-F450-4656-BEBD-7B23D99F8E77}.AppStore|x64.Build.0 = Release|Any CPU
		{B50F7019-F450-4656-BEBD-7B23D99F8E77}.AppStore|x86.ActiveCfg = Release|Any CPU
		{B50F7019-F450-4656-BEBD-7B23D99F8E77}.AppStore|x86.Build.0 = Release|Any CPU
		{B50F7019-F450-4656-BEBD-7B23D99F8E77}.Debug|Android.ActiveCfg = Debug|Any CPU
		{B50F7019-F450-4656-BEBD-7B23D99F8E77}.Debug|Android.Build.0 = Debug|Any CPU
		{B50F7019-F450-4656-BEBD-7B23D99F8E77}.Debug|Any CPU.ActiveCfg = Debug|Any CPU
		{B50F7019-F450-4656-BEBD-7B23D99F8E77}.Debug|Any CPU.Build.0 = Debug|Any CPU
		{B50F7019-F450-4656-BEBD-7B23D99F8E77}.Debug|ARM.ActiveCfg = Debug|Any CPU
		{B50F7019-F450-4656-BEBD-7B23D99F8E77}.Debug|ARM.Build.0 = Debug|Any CPU
		{B50F7019-F450-4656-BEBD-7B23D99F8E77}.Debug|iOS.ActiveCfg = Debug|Any CPU
		{B50F7019-F450-4656-BEBD-7B23D99F8E77}.Debug|iOS.Build.0 = Debug|Any CPU
		{B50F7019-F450-4656-BEBD-7B23D99F8E77}.Debug|iPhone.ActiveCfg = Debug|Any CPU
		{B50F7019-F450-4656-BEBD-7B23D99F8E77}.Debug|iPhone.Build.0 = Debug|Any CPU
		{B50F7019-F450-4656-BEBD-7B23D99F8E77}.Debug|iPhoneSimulator.ActiveCfg = Debug|Any CPU
		{B50F7019-F450-4656-BEBD-7B23D99F8E77}.Debug|iPhoneSimulator.Build.0 = Debug|Any CPU
		{B50F7019-F450-4656-BEBD-7B23D99F8E77}.Debug|Windows-ARM.ActiveCfg = Debug|Any CPU
		{B50F7019-F450-4656-BEBD-7B23D99F8E77}.Debug|Windows-ARM.Build.0 = Debug|Any CPU
		{B50F7019-F450-4656-BEBD-7B23D99F8E77}.Debug|Windows-x64.ActiveCfg = Debug|Any CPU
		{B50F7019-F450-4656-BEBD-7B23D99F8E77}.Debug|Windows-x64.Build.0 = Debug|Any CPU
		{B50F7019-F450-4656-BEBD-7B23D99F8E77}.Debug|Windows-x86.ActiveCfg = Debug|Any CPU
		{B50F7019-F450-4656-BEBD-7B23D99F8E77}.Debug|Windows-x86.Build.0 = Debug|Any CPU
		{B50F7019-F450-4656-BEBD-7B23D99F8E77}.Debug|x64.ActiveCfg = Debug|Any CPU
		{B50F7019-F450-4656-BEBD-7B23D99F8E77}.Debug|x64.Build.0 = Debug|Any CPU
		{B50F7019-F450-4656-BEBD-7B23D99F8E77}.Debug|x86.ActiveCfg = Debug|Any CPU
		{B50F7019-F450-4656-BEBD-7B23D99F8E77}.Debug|x86.Build.0 = Debug|Any CPU
		{B50F7019-F450-4656-BEBD-7B23D99F8E77}.Release|Android.ActiveCfg = Release|Any CPU
		{B50F7019-F450-4656-BEBD-7B23D99F8E77}.Release|Android.Build.0 = Release|Any CPU
		{B50F7019-F450-4656-BEBD-7B23D99F8E77}.Release|Any CPU.ActiveCfg = Release|Any CPU
		{B50F7019-F450-4656-BEBD-7B23D99F8E77}.Release|Any CPU.Build.0 = Release|Any CPU
		{B50F7019-F450-4656-BEBD-7B23D99F8E77}.Release|ARM.ActiveCfg = Release|Any CPU
		{B50F7019-F450-4656-BEBD-7B23D99F8E77}.Release|ARM.Build.0 = Release|Any CPU
		{B50F7019-F450-4656-BEBD-7B23D99F8E77}.Release|iOS.ActiveCfg = Release|Any CPU
		{B50F7019-F450-4656-BEBD-7B23D99F8E77}.Release|iOS.Build.0 = Release|Any CPU
		{B50F7019-F450-4656-BEBD-7B23D99F8E77}.Release|iPhone.ActiveCfg = Release|Any CPU
		{B50F7019-F450-4656-BEBD-7B23D99F8E77}.Release|iPhone.Build.0 = Release|Any CPU
		{B50F7019-F450-4656-BEBD-7B23D99F8E77}.Release|iPhoneSimulator.ActiveCfg = Release|Any CPU
		{B50F7019-F450-4656-BEBD-7B23D99F8E77}.Release|iPhoneSimulator.Build.0 = Release|Any CPU
		{B50F7019-F450-4656-BEBD-7B23D99F8E77}.Release|Windows-ARM.ActiveCfg = Release|Any CPU
		{B50F7019-F450-4656-BEBD-7B23D99F8E77}.Release|Windows-ARM.Build.0 = Release|Any CPU
		{B50F7019-F450-4656-BEBD-7B23D99F8E77}.Release|Windows-x64.ActiveCfg = Release|Any CPU
		{B50F7019-F450-4656-BEBD-7B23D99F8E77}.Release|Windows-x64.Build.0 = Release|Any CPU
		{B50F7019-F450-4656-BEBD-7B23D99F8E77}.Release|Windows-x86.ActiveCfg = Release|Any CPU
		{B50F7019-F450-4656-BEBD-7B23D99F8E77}.Release|Windows-x86.Build.0 = Release|Any CPU
		{B50F7019-F450-4656-BEBD-7B23D99F8E77}.Release|x64.ActiveCfg = Release|Any CPU
		{B50F7019-F450-4656-BEBD-7B23D99F8E77}.Release|x64.Build.0 = Release|Any CPU
		{B50F7019-F450-4656-BEBD-7B23D99F8E77}.Release|x86.ActiveCfg = Release|Any CPU
		{B50F7019-F450-4656-BEBD-7B23D99F8E77}.Release|x86.Build.0 = Release|Any CPU
		{6F149166-41D2-4135-BD90-55A9CAF2FF22}.Ad-Hoc|Android.ActiveCfg = Release|Any CPU
		{6F149166-41D2-4135-BD90-55A9CAF2FF22}.Ad-Hoc|Android.Build.0 = Release|Any CPU
		{6F149166-41D2-4135-BD90-55A9CAF2FF22}.Ad-Hoc|Android.Deploy.0 = Release|Any CPU
		{6F149166-41D2-4135-BD90-55A9CAF2FF22}.Ad-Hoc|Any CPU.ActiveCfg = Release|Any CPU
		{6F149166-41D2-4135-BD90-55A9CAF2FF22}.Ad-Hoc|Any CPU.Build.0 = Release|Any CPU
		{6F149166-41D2-4135-BD90-55A9CAF2FF22}.Ad-Hoc|Any CPU.Deploy.0 = Release|Any CPU
		{6F149166-41D2-4135-BD90-55A9CAF2FF22}.Ad-Hoc|ARM.ActiveCfg = Release|Any CPU
		{6F149166-41D2-4135-BD90-55A9CAF2FF22}.Ad-Hoc|ARM.Build.0 = Release|Any CPU
		{6F149166-41D2-4135-BD90-55A9CAF2FF22}.Ad-Hoc|ARM.Deploy.0 = Release|Any CPU
		{6F149166-41D2-4135-BD90-55A9CAF2FF22}.Ad-Hoc|iOS.ActiveCfg = Release|Any CPU
		{6F149166-41D2-4135-BD90-55A9CAF2FF22}.Ad-Hoc|iOS.Build.0 = Release|Any CPU
		{6F149166-41D2-4135-BD90-55A9CAF2FF22}.Ad-Hoc|iOS.Deploy.0 = Release|Any CPU
		{6F149166-41D2-4135-BD90-55A9CAF2FF22}.Ad-Hoc|iPhone.ActiveCfg = Release|Any CPU
		{6F149166-41D2-4135-BD90-55A9CAF2FF22}.Ad-Hoc|iPhone.Build.0 = Release|Any CPU
		{6F149166-41D2-4135-BD90-55A9CAF2FF22}.Ad-Hoc|iPhone.Deploy.0 = Release|Any CPU
		{6F149166-41D2-4135-BD90-55A9CAF2FF22}.Ad-Hoc|iPhoneSimulator.ActiveCfg = Release|Any CPU
		{6F149166-41D2-4135-BD90-55A9CAF2FF22}.Ad-Hoc|iPhoneSimulator.Build.0 = Release|Any CPU
		{6F149166-41D2-4135-BD90-55A9CAF2FF22}.Ad-Hoc|iPhoneSimulator.Deploy.0 = Release|Any CPU
		{6F149166-41D2-4135-BD90-55A9CAF2FF22}.Ad-Hoc|Windows-ARM.ActiveCfg = Release|Any CPU
		{6F149166-41D2-4135-BD90-55A9CAF2FF22}.Ad-Hoc|Windows-ARM.Build.0 = Release|Any CPU
		{6F149166-41D2-4135-BD90-55A9CAF2FF22}.Ad-Hoc|Windows-ARM.Deploy.0 = Release|Any CPU
		{6F149166-41D2-4135-BD90-55A9CAF2FF22}.Ad-Hoc|Windows-x64.ActiveCfg = Release|Any CPU
		{6F149166-41D2-4135-BD90-55A9CAF2FF22}.Ad-Hoc|Windows-x64.Build.0 = Release|Any CPU
		{6F149166-41D2-4135-BD90-55A9CAF2FF22}.Ad-Hoc|Windows-x64.Deploy.0 = Release|Any CPU
		{6F149166-41D2-4135-BD90-55A9CAF2FF22}.Ad-Hoc|Windows-x86.ActiveCfg = Release|Any CPU
		{6F149166-41D2-4135-BD90-55A9CAF2FF22}.Ad-Hoc|Windows-x86.Build.0 = Release|Any CPU
		{6F149166-41D2-4135-BD90-55A9CAF2FF22}.Ad-Hoc|Windows-x86.Deploy.0 = Release|Any CPU
		{6F149166-41D2-4135-BD90-55A9CAF2FF22}.Ad-Hoc|x64.ActiveCfg = Release|Any CPU
		{6F149166-41D2-4135-BD90-55A9CAF2FF22}.Ad-Hoc|x64.Build.0 = Release|Any CPU
		{6F149166-41D2-4135-BD90-55A9CAF2FF22}.Ad-Hoc|x64.Deploy.0 = Release|Any CPU
		{6F149166-41D2-4135-BD90-55A9CAF2FF22}.Ad-Hoc|x86.ActiveCfg = Release|Any CPU
		{6F149166-41D2-4135-BD90-55A9CAF2FF22}.Ad-Hoc|x86.Build.0 = Release|Any CPU
		{6F149166-41D2-4135-BD90-55A9CAF2FF22}.Ad-Hoc|x86.Deploy.0 = Release|Any CPU
		{6F149166-41D2-4135-BD90-55A9CAF2FF22}.AppStore|Android.ActiveCfg = Release|Any CPU
		{6F149166-41D2-4135-BD90-55A9CAF2FF22}.AppStore|Android.Build.0 = Release|Any CPU
		{6F149166-41D2-4135-BD90-55A9CAF2FF22}.AppStore|Android.Deploy.0 = Release|Any CPU
		{6F149166-41D2-4135-BD90-55A9CAF2FF22}.AppStore|Any CPU.ActiveCfg = Release|Any CPU
		{6F149166-41D2-4135-BD90-55A9CAF2FF22}.AppStore|Any CPU.Build.0 = Release|Any CPU
		{6F149166-41D2-4135-BD90-55A9CAF2FF22}.AppStore|Any CPU.Deploy.0 = Release|Any CPU
		{6F149166-41D2-4135-BD90-55A9CAF2FF22}.AppStore|ARM.ActiveCfg = Release|Any CPU
		{6F149166-41D2-4135-BD90-55A9CAF2FF22}.AppStore|ARM.Build.0 = Release|Any CPU
		{6F149166-41D2-4135-BD90-55A9CAF2FF22}.AppStore|ARM.Deploy.0 = Release|Any CPU
		{6F149166-41D2-4135-BD90-55A9CAF2FF22}.AppStore|iOS.ActiveCfg = Release|Any CPU
		{6F149166-41D2-4135-BD90-55A9CAF2FF22}.AppStore|iOS.Build.0 = Release|Any CPU
		{6F149166-41D2-4135-BD90-55A9CAF2FF22}.AppStore|iOS.Deploy.0 = Release|Any CPU
		{6F149166-41D2-4135-BD90-55A9CAF2FF22}.AppStore|iPhone.ActiveCfg = Release|Any CPU
		{6F149166-41D2-4135-BD90-55A9CAF2FF22}.AppStore|iPhone.Build.0 = Release|Any CPU
		{6F149166-41D2-4135-BD90-55A9CAF2FF22}.AppStore|iPhone.Deploy.0 = Release|Any CPU
		{6F149166-41D2-4135-BD90-55A9CAF2FF22}.AppStore|iPhoneSimulator.ActiveCfg = Release|Any CPU
		{6F149166-41D2-4135-BD90-55A9CAF2FF22}.AppStore|iPhoneSimulator.Build.0 = Release|Any CPU
		{6F149166-41D2-4135-BD90-55A9CAF2FF22}.AppStore|iPhoneSimulator.Deploy.0 = Release|Any CPU
		{6F149166-41D2-4135-BD90-55A9CAF2FF22}.AppStore|Windows-ARM.ActiveCfg = Release|Any CPU
		{6F149166-41D2-4135-BD90-55A9CAF2FF22}.AppStore|Windows-ARM.Build.0 = Release|Any CPU
		{6F149166-41D2-4135-BD90-55A9CAF2FF22}.AppStore|Windows-ARM.Deploy.0 = Release|Any CPU
		{6F149166-41D2-4135-BD90-55A9CAF2FF22}.AppStore|Windows-x64.ActiveCfg = Release|Any CPU
		{6F149166-41D2-4135-BD90-55A9CAF2FF22}.AppStore|Windows-x64.Build.0 = Release|Any CPU
		{6F149166-41D2-4135-BD90-55A9CAF2FF22}.AppStore|Windows-x64.Deploy.0 = Release|Any CPU
		{6F149166-41D2-4135-BD90-55A9CAF2FF22}.AppStore|Windows-x86.ActiveCfg = Release|Any CPU
		{6F149166-41D2-4135-BD90-55A9CAF2FF22}.AppStore|Windows-x86.Build.0 = Release|Any CPU
		{6F149166-41D2-4135-BD90-55A9CAF2FF22}.AppStore|Windows-x86.Deploy.0 = Release|Any CPU
		{6F149166-41D2-4135-BD90-55A9CAF2FF22}.AppStore|x64.ActiveCfg = Release|Any CPU
		{6F149166-41D2-4135-BD90-55A9CAF2FF22}.AppStore|x64.Build.0 = Release|Any CPU
		{6F149166-41D2-4135-BD90-55A9CAF2FF22}.AppStore|x64.Deploy.0 = Release|Any CPU
		{6F149166-41D2-4135-BD90-55A9CAF2FF22}.AppStore|x86.ActiveCfg = Release|Any CPU
		{6F149166-41D2-4135-BD90-55A9CAF2FF22}.AppStore|x86.Build.0 = Release|Any CPU
		{6F149166-41D2-4135-BD90-55A9CAF2FF22}.AppStore|x86.Deploy.0 = Release|Any CPU
		{6F149166-41D2-4135-BD90-55A9CAF2FF22}.Debug|Android.ActiveCfg = Debug|Any CPU
		{6F149166-41D2-4135-BD90-55A9CAF2FF22}.Debug|Android.Build.0 = Debug|Any CPU
		{6F149166-41D2-4135-BD90-55A9CAF2FF22}.Debug|Android.Deploy.0 = Debug|Any CPU
		{6F149166-41D2-4135-BD90-55A9CAF2FF22}.Debug|Any CPU.ActiveCfg = Debug|Any CPU
		{6F149166-41D2-4135-BD90-55A9CAF2FF22}.Debug|Any CPU.Build.0 = Debug|Any CPU
		{6F149166-41D2-4135-BD90-55A9CAF2FF22}.Debug|Any CPU.Deploy.0 = Debug|Any CPU
		{6F149166-41D2-4135-BD90-55A9CAF2FF22}.Debug|ARM.ActiveCfg = Debug|Any CPU
		{6F149166-41D2-4135-BD90-55A9CAF2FF22}.Debug|ARM.Build.0 = Debug|Any CPU
		{6F149166-41D2-4135-BD90-55A9CAF2FF22}.Debug|ARM.Deploy.0 = Debug|Any CPU
		{6F149166-41D2-4135-BD90-55A9CAF2FF22}.Debug|iOS.ActiveCfg = Debug|Any CPU
		{6F149166-41D2-4135-BD90-55A9CAF2FF22}.Debug|iOS.Build.0 = Debug|Any CPU
		{6F149166-41D2-4135-BD90-55A9CAF2FF22}.Debug|iOS.Deploy.0 = Debug|Any CPU
		{6F149166-41D2-4135-BD90-55A9CAF2FF22}.Debug|iPhone.ActiveCfg = Debug|Any CPU
		{6F149166-41D2-4135-BD90-55A9CAF2FF22}.Debug|iPhone.Build.0 = Debug|Any CPU
		{6F149166-41D2-4135-BD90-55A9CAF2FF22}.Debug|iPhone.Deploy.0 = Debug|Any CPU
		{6F149166-41D2-4135-BD90-55A9CAF2FF22}.Debug|iPhoneSimulator.ActiveCfg = Debug|Any CPU
		{6F149166-41D2-4135-BD90-55A9CAF2FF22}.Debug|iPhoneSimulator.Build.0 = Debug|Any CPU
		{6F149166-41D2-4135-BD90-55A9CAF2FF22}.Debug|iPhoneSimulator.Deploy.0 = Debug|Any CPU
		{6F149166-41D2-4135-BD90-55A9CAF2FF22}.Debug|Windows-ARM.ActiveCfg = Debug|Any CPU
		{6F149166-41D2-4135-BD90-55A9CAF2FF22}.Debug|Windows-ARM.Build.0 = Debug|Any CPU
		{6F149166-41D2-4135-BD90-55A9CAF2FF22}.Debug|Windows-ARM.Deploy.0 = Debug|Any CPU
		{6F149166-41D2-4135-BD90-55A9CAF2FF22}.Debug|Windows-x64.ActiveCfg = Debug|Any CPU
		{6F149166-41D2-4135-BD90-55A9CAF2FF22}.Debug|Windows-x64.Build.0 = Debug|Any CPU
		{6F149166-41D2-4135-BD90-55A9CAF2FF22}.Debug|Windows-x64.Deploy.0 = Debug|Any CPU
		{6F149166-41D2-4135-BD90-55A9CAF2FF22}.Debug|Windows-x86.ActiveCfg = Debug|Any CPU
		{6F149166-41D2-4135-BD90-55A9CAF2FF22}.Debug|Windows-x86.Build.0 = Debug|Any CPU
		{6F149166-41D2-4135-BD90-55A9CAF2FF22}.Debug|Windows-x86.Deploy.0 = Debug|Any CPU
		{6F149166-41D2-4135-BD90-55A9CAF2FF22}.Debug|x64.ActiveCfg = Debug|Any CPU
		{6F149166-41D2-4135-BD90-55A9CAF2FF22}.Debug|x64.Build.0 = Debug|Any CPU
		{6F149166-41D2-4135-BD90-55A9CAF2FF22}.Debug|x64.Deploy.0 = Debug|Any CPU
		{6F149166-41D2-4135-BD90-55A9CAF2FF22}.Debug|x86.ActiveCfg = Debug|Any CPU
		{6F149166-41D2-4135-BD90-55A9CAF2FF22}.Debug|x86.Build.0 = Debug|Any CPU
		{6F149166-41D2-4135-BD90-55A9CAF2FF22}.Debug|x86.Deploy.0 = Debug|Any CPU
		{6F149166-41D2-4135-BD90-55A9CAF2FF22}.Release|Android.ActiveCfg = Release|Any CPU
		{6F149166-41D2-4135-BD90-55A9CAF2FF22}.Release|Android.Build.0 = Release|Any CPU
		{6F149166-41D2-4135-BD90-55A9CAF2FF22}.Release|Android.Deploy.0 = Release|Any CPU
		{6F149166-41D2-4135-BD90-55A9CAF2FF22}.Release|Any CPU.ActiveCfg = Release|Any CPU
		{6F149166-41D2-4135-BD90-55A9CAF2FF22}.Release|Any CPU.Build.0 = Release|Any CPU
		{6F149166-41D2-4135-BD90-55A9CAF2FF22}.Release|Any CPU.Deploy.0 = Release|Any CPU
		{6F149166-41D2-4135-BD90-55A9CAF2FF22}.Release|ARM.ActiveCfg = Release|Any CPU
		{6F149166-41D2-4135-BD90-55A9CAF2FF22}.Release|ARM.Build.0 = Release|Any CPU
		{6F149166-41D2-4135-BD90-55A9CAF2FF22}.Release|ARM.Deploy.0 = Release|Any CPU
		{6F149166-41D2-4135-BD90-55A9CAF2FF22}.Release|iOS.ActiveCfg = Release|Any CPU
		{6F149166-41D2-4135-BD90-55A9CAF2FF22}.Release|iOS.Build.0 = Release|Any CPU
		{6F149166-41D2-4135-BD90-55A9CAF2FF22}.Release|iOS.Deploy.0 = Release|Any CPU
		{6F149166-41D2-4135-BD90-55A9CAF2FF22}.Release|iPhone.ActiveCfg = Release|Any CPU
		{6F149166-41D2-4135-BD90-55A9CAF2FF22}.Release|iPhone.Build.0 = Release|Any CPU
		{6F149166-41D2-4135-BD90-55A9CAF2FF22}.Release|iPhone.Deploy.0 = Release|Any CPU
		{6F149166-41D2-4135-BD90-55A9CAF2FF22}.Release|iPhoneSimulator.ActiveCfg = Release|Any CPU
		{6F149166-41D2-4135-BD90-55A9CAF2FF22}.Release|iPhoneSimulator.Build.0 = Release|Any CPU
		{6F149166-41D2-4135-BD90-55A9CAF2FF22}.Release|iPhoneSimulator.Deploy.0 = Release|Any CPU
		{6F149166-41D2-4135-BD90-55A9CAF2FF22}.Release|Windows-ARM.ActiveCfg = Release|Any CPU
		{6F149166-41D2-4135-BD90-55A9CAF2FF22}.Release|Windows-ARM.Build.0 = Release|Any CPU
		{6F149166-41D2-4135-BD90-55A9CAF2FF22}.Release|Windows-ARM.Deploy.0 = Release|Any CPU
		{6F149166-41D2-4135-BD90-55A9CAF2FF22}.Release|Windows-x64.ActiveCfg = Release|Any CPU
		{6F149166-41D2-4135-BD90-55A9CAF2FF22}.Release|Windows-x64.Build.0 = Release|Any CPU
		{6F149166-41D2-4135-BD90-55A9CAF2FF22}.Release|Windows-x64.Deploy.0 = Release|Any CPU
		{6F149166-41D2-4135-BD90-55A9CAF2FF22}.Release|Windows-x86.ActiveCfg = Release|Any CPU
		{6F149166-41D2-4135-BD90-55A9CAF2FF22}.Release|Windows-x86.Build.0 = Release|Any CPU
		{6F149166-41D2-4135-BD90-55A9CAF2FF22}.Release|Windows-x86.Deploy.0 = Release|Any CPU
		{6F149166-41D2-4135-BD90-55A9CAF2FF22}.Release|x64.ActiveCfg = Release|Any CPU
		{6F149166-41D2-4135-BD90-55A9CAF2FF22}.Release|x64.Build.0 = Release|Any CPU
		{6F149166-41D2-4135-BD90-55A9CAF2FF22}.Release|x64.Deploy.0 = Release|Any CPU
		{6F149166-41D2-4135-BD90-55A9CAF2FF22}.Release|x86.ActiveCfg = Release|Any CPU
		{6F149166-41D2-4135-BD90-55A9CAF2FF22}.Release|x86.Build.0 = Release|Any CPU
		{6F149166-41D2-4135-BD90-55A9CAF2FF22}.Release|x86.Deploy.0 = Release|Any CPU
		{412411F6-032A-4BF1-B0F6-07D3DDF21954}.Ad-Hoc|Android.ActiveCfg = Release|iPhone
		{412411F6-032A-4BF1-B0F6-07D3DDF21954}.Ad-Hoc|Android.Build.0 = Release|iPhone
		{412411F6-032A-4BF1-B0F6-07D3DDF21954}.Ad-Hoc|Any CPU.ActiveCfg = Release|iPhone
		{412411F6-032A-4BF1-B0F6-07D3DDF21954}.Ad-Hoc|Any CPU.Build.0 = Release|iPhone
		{412411F6-032A-4BF1-B0F6-07D3DDF21954}.Ad-Hoc|ARM.ActiveCfg = Release|iPhone
		{412411F6-032A-4BF1-B0F6-07D3DDF21954}.Ad-Hoc|ARM.Build.0 = Release|iPhone
		{412411F6-032A-4BF1-B0F6-07D3DDF21954}.Ad-Hoc|iOS.ActiveCfg = Release|iPhone
		{412411F6-032A-4BF1-B0F6-07D3DDF21954}.Ad-Hoc|iOS.Build.0 = Release|iPhone
		{412411F6-032A-4BF1-B0F6-07D3DDF21954}.Ad-Hoc|iPhone.ActiveCfg = Release|iPhone
		{412411F6-032A-4BF1-B0F6-07D3DDF21954}.Ad-Hoc|iPhone.Build.0 = Release|iPhone
		{412411F6-032A-4BF1-B0F6-07D3DDF21954}.Ad-Hoc|iPhoneSimulator.ActiveCfg = Release|iPhoneSimulator
		{412411F6-032A-4BF1-B0F6-07D3DDF21954}.Ad-Hoc|iPhoneSimulator.Build.0 = Release|iPhoneSimulator
		{412411F6-032A-4BF1-B0F6-07D3DDF21954}.Ad-Hoc|Windows-ARM.ActiveCfg = Release|iPhone
		{412411F6-032A-4BF1-B0F6-07D3DDF21954}.Ad-Hoc|Windows-ARM.Build.0 = Release|iPhone
		{412411F6-032A-4BF1-B0F6-07D3DDF21954}.Ad-Hoc|Windows-x64.ActiveCfg = Release|iPhone
		{412411F6-032A-4BF1-B0F6-07D3DDF21954}.Ad-Hoc|Windows-x64.Build.0 = Release|iPhone
		{412411F6-032A-4BF1-B0F6-07D3DDF21954}.Ad-Hoc|Windows-x86.ActiveCfg = Release|iPhone
		{412411F6-032A-4BF1-B0F6-07D3DDF21954}.Ad-Hoc|Windows-x86.Build.0 = Release|iPhone
		{412411F6-032A-4BF1-B0F6-07D3DDF21954}.Ad-Hoc|x64.ActiveCfg = Release|iPhone
		{412411F6-032A-4BF1-B0F6-07D3DDF21954}.Ad-Hoc|x64.Build.0 = Release|iPhone
		{412411F6-032A-4BF1-B0F6-07D3DDF21954}.Ad-Hoc|x86.ActiveCfg = Release|iPhone
		{412411F6-032A-4BF1-B0F6-07D3DDF21954}.Ad-Hoc|x86.Build.0 = Release|iPhone
		{412411F6-032A-4BF1-B0F6-07D3DDF21954}.AppStore|Android.ActiveCfg = Release|iPhone
		{412411F6-032A-4BF1-B0F6-07D3DDF21954}.AppStore|Android.Build.0 = Release|iPhone
		{412411F6-032A-4BF1-B0F6-07D3DDF21954}.AppStore|Any CPU.ActiveCfg = Release|iPhone
		{412411F6-032A-4BF1-B0F6-07D3DDF21954}.AppStore|Any CPU.Build.0 = Release|iPhone
		{412411F6-032A-4BF1-B0F6-07D3DDF21954}.AppStore|ARM.ActiveCfg = Release|iPhone
		{412411F6-032A-4BF1-B0F6-07D3DDF21954}.AppStore|ARM.Build.0 = Release|iPhone
		{412411F6-032A-4BF1-B0F6-07D3DDF21954}.AppStore|iOS.ActiveCfg = Release|iPhone
		{412411F6-032A-4BF1-B0F6-07D3DDF21954}.AppStore|iOS.Build.0 = Release|iPhone
		{412411F6-032A-4BF1-B0F6-07D3DDF21954}.AppStore|iPhone.ActiveCfg = Release|iPhone
		{412411F6-032A-4BF1-B0F6-07D3DDF21954}.AppStore|iPhone.Build.0 = Release|iPhone
		{412411F6-032A-4BF1-B0F6-07D3DDF21954}.AppStore|iPhoneSimulator.ActiveCfg = Release|iPhoneSimulator
		{412411F6-032A-4BF1-B0F6-07D3DDF21954}.AppStore|iPhoneSimulator.Build.0 = Release|iPhoneSimulator
		{412411F6-032A-4BF1-B0F6-07D3DDF21954}.AppStore|Windows-ARM.ActiveCfg = Release|iPhone
		{412411F6-032A-4BF1-B0F6-07D3DDF21954}.AppStore|Windows-ARM.Build.0 = Release|iPhone
		{412411F6-032A-4BF1-B0F6-07D3DDF21954}.AppStore|Windows-x64.ActiveCfg = Release|iPhone
		{412411F6-032A-4BF1-B0F6-07D3DDF21954}.AppStore|Windows-x64.Build.0 = Release|iPhone
		{412411F6-032A-4BF1-B0F6-07D3DDF21954}.AppStore|Windows-x86.ActiveCfg = Release|iPhone
		{412411F6-032A-4BF1-B0F6-07D3DDF21954}.AppStore|Windows-x86.Build.0 = Release|iPhone
		{412411F6-032A-4BF1-B0F6-07D3DDF21954}.AppStore|x64.ActiveCfg = Release|iPhone
		{412411F6-032A-4BF1-B0F6-07D3DDF21954}.AppStore|x64.Build.0 = Release|iPhone
		{412411F6-032A-4BF1-B0F6-07D3DDF21954}.AppStore|x86.ActiveCfg = Release|iPhone
		{412411F6-032A-4BF1-B0F6-07D3DDF21954}.AppStore|x86.Build.0 = Release|iPhone
		{412411F6-032A-4BF1-B0F6-07D3DDF21954}.Debug|Android.ActiveCfg = Debug|iPhone
		{412411F6-032A-4BF1-B0F6-07D3DDF21954}.Debug|Any CPU.ActiveCfg = Debug|iPhone
		{412411F6-032A-4BF1-B0F6-07D3DDF21954}.Debug|ARM.ActiveCfg = Debug|iPhone
		{412411F6-032A-4BF1-B0F6-07D3DDF21954}.Debug|iOS.ActiveCfg = Debug|iPhone
		{412411F6-032A-4BF1-B0F6-07D3DDF21954}.Debug|iPhone.ActiveCfg = Debug|iPhone
		{412411F6-032A-4BF1-B0F6-07D3DDF21954}.Debug|iPhone.Build.0 = Debug|iPhone
		{412411F6-032A-4BF1-B0F6-07D3DDF21954}.Debug|iPhoneSimulator.ActiveCfg = Debug|iPhoneSimulator
		{412411F6-032A-4BF1-B0F6-07D3DDF21954}.Debug|iPhoneSimulator.Build.0 = Debug|iPhoneSimulator
		{412411F6-032A-4BF1-B0F6-07D3DDF21954}.Debug|Windows-ARM.ActiveCfg = Debug|iPhone
		{412411F6-032A-4BF1-B0F6-07D3DDF21954}.Debug|Windows-x64.ActiveCfg = Debug|iPhone
		{412411F6-032A-4BF1-B0F6-07D3DDF21954}.Debug|Windows-x86.ActiveCfg = Debug|iPhone
		{412411F6-032A-4BF1-B0F6-07D3DDF21954}.Debug|x64.ActiveCfg = Debug|iPhone
		{412411F6-032A-4BF1-B0F6-07D3DDF21954}.Debug|x86.ActiveCfg = Debug|iPhone
		{412411F6-032A-4BF1-B0F6-07D3DDF21954}.Release|Android.ActiveCfg = Release|iPhone
		{412411F6-032A-4BF1-B0F6-07D3DDF21954}.Release|Any CPU.ActiveCfg = Release|iPhone
		{412411F6-032A-4BF1-B0F6-07D3DDF21954}.Release|ARM.ActiveCfg = Release|iPhone
		{412411F6-032A-4BF1-B0F6-07D3DDF21954}.Release|iOS.ActiveCfg = Release|iPhone
		{412411F6-032A-4BF1-B0F6-07D3DDF21954}.Release|iPhone.ActiveCfg = Release|iPhone
		{412411F6-032A-4BF1-B0F6-07D3DDF21954}.Release|iPhone.Build.0 = Release|iPhone
		{412411F6-032A-4BF1-B0F6-07D3DDF21954}.Release|iPhoneSimulator.ActiveCfg = Release|iPhoneSimulator
		{412411F6-032A-4BF1-B0F6-07D3DDF21954}.Release|iPhoneSimulator.Build.0 = Release|iPhoneSimulator
		{412411F6-032A-4BF1-B0F6-07D3DDF21954}.Release|Windows-ARM.ActiveCfg = Release|iPhone
		{412411F6-032A-4BF1-B0F6-07D3DDF21954}.Release|Windows-x64.ActiveCfg = Release|iPhone
		{412411F6-032A-4BF1-B0F6-07D3DDF21954}.Release|Windows-x86.ActiveCfg = Release|iPhone
		{412411F6-032A-4BF1-B0F6-07D3DDF21954}.Release|x64.ActiveCfg = Release|iPhone
		{412411F6-032A-4BF1-B0F6-07D3DDF21954}.Release|x86.ActiveCfg = Release|iPhone
		{33C9E6B0-98A8-4FDA-8B8F-2ADC0D726B7B}.Ad-Hoc|Android.ActiveCfg = Release|Any CPU
		{33C9E6B0-98A8-4FDA-8B8F-2ADC0D726B7B}.Ad-Hoc|Android.Build.0 = Release|Any CPU
		{33C9E6B0-98A8-4FDA-8B8F-2ADC0D726B7B}.Ad-Hoc|Any CPU.ActiveCfg = Release|Any CPU
		{33C9E6B0-98A8-4FDA-8B8F-2ADC0D726B7B}.Ad-Hoc|Any CPU.Build.0 = Release|Any CPU
		{33C9E6B0-98A8-4FDA-8B8F-2ADC0D726B7B}.Ad-Hoc|ARM.ActiveCfg = Release|Any CPU
		{33C9E6B0-98A8-4FDA-8B8F-2ADC0D726B7B}.Ad-Hoc|ARM.Build.0 = Release|Any CPU
		{33C9E6B0-98A8-4FDA-8B8F-2ADC0D726B7B}.Ad-Hoc|iOS.ActiveCfg = Release|Any CPU
		{33C9E6B0-98A8-4FDA-8B8F-2ADC0D726B7B}.Ad-Hoc|iOS.Build.0 = Release|Any CPU
		{33C9E6B0-98A8-4FDA-8B8F-2ADC0D726B7B}.Ad-Hoc|iPhone.ActiveCfg = Release|Any CPU
		{33C9E6B0-98A8-4FDA-8B8F-2ADC0D726B7B}.Ad-Hoc|iPhone.Build.0 = Release|Any CPU
		{33C9E6B0-98A8-4FDA-8B8F-2ADC0D726B7B}.Ad-Hoc|iPhoneSimulator.ActiveCfg = Release|Any CPU
		{33C9E6B0-98A8-4FDA-8B8F-2ADC0D726B7B}.Ad-Hoc|iPhoneSimulator.Build.0 = Release|Any CPU
		{33C9E6B0-98A8-4FDA-8B8F-2ADC0D726B7B}.Ad-Hoc|Windows-ARM.ActiveCfg = Release|Any CPU
		{33C9E6B0-98A8-4FDA-8B8F-2ADC0D726B7B}.Ad-Hoc|Windows-ARM.Build.0 = Release|Any CPU
		{33C9E6B0-98A8-4FDA-8B8F-2ADC0D726B7B}.Ad-Hoc|Windows-x64.ActiveCfg = Release|Any CPU
		{33C9E6B0-98A8-4FDA-8B8F-2ADC0D726B7B}.Ad-Hoc|Windows-x64.Build.0 = Release|Any CPU
		{33C9E6B0-98A8-4FDA-8B8F-2ADC0D726B7B}.Ad-Hoc|Windows-x86.ActiveCfg = Release|Any CPU
		{33C9E6B0-98A8-4FDA-8B8F-2ADC0D726B7B}.Ad-Hoc|Windows-x86.Build.0 = Release|Any CPU
		{33C9E6B0-98A8-4FDA-8B8F-2ADC0D726B7B}.Ad-Hoc|x64.ActiveCfg = Release|Any CPU
		{33C9E6B0-98A8-4FDA-8B8F-2ADC0D726B7B}.Ad-Hoc|x64.Build.0 = Release|Any CPU
		{33C9E6B0-98A8-4FDA-8B8F-2ADC0D726B7B}.Ad-Hoc|x86.ActiveCfg = Release|Any CPU
		{33C9E6B0-98A8-4FDA-8B8F-2ADC0D726B7B}.Ad-Hoc|x86.Build.0 = Release|Any CPU
		{33C9E6B0-98A8-4FDA-8B8F-2ADC0D726B7B}.AppStore|Android.ActiveCfg = Release|Any CPU
		{33C9E6B0-98A8-4FDA-8B8F-2ADC0D726B7B}.AppStore|Android.Build.0 = Release|Any CPU
		{33C9E6B0-98A8-4FDA-8B8F-2ADC0D726B7B}.AppStore|Any CPU.ActiveCfg = Release|Any CPU
		{33C9E6B0-98A8-4FDA-8B8F-2ADC0D726B7B}.AppStore|Any CPU.Build.0 = Release|Any CPU
		{33C9E6B0-98A8-4FDA-8B8F-2ADC0D726B7B}.AppStore|ARM.ActiveCfg = Release|Any CPU
		{33C9E6B0-98A8-4FDA-8B8F-2ADC0D726B7B}.AppStore|ARM.Build.0 = Release|Any CPU
		{33C9E6B0-98A8-4FDA-8B8F-2ADC0D726B7B}.AppStore|iOS.ActiveCfg = Release|Any CPU
		{33C9E6B0-98A8-4FDA-8B8F-2ADC0D726B7B}.AppStore|iOS.Build.0 = Release|Any CPU
		{33C9E6B0-98A8-4FDA-8B8F-2ADC0D726B7B}.AppStore|iPhone.ActiveCfg = Release|Any CPU
		{33C9E6B0-98A8-4FDA-8B8F-2ADC0D726B7B}.AppStore|iPhone.Build.0 = Release|Any CPU
		{33C9E6B0-98A8-4FDA-8B8F-2ADC0D726B7B}.AppStore|iPhoneSimulator.ActiveCfg = Release|Any CPU
		{33C9E6B0-98A8-4FDA-8B8F-2ADC0D726B7B}.AppStore|iPhoneSimulator.Build.0 = Release|Any CPU
		{33C9E6B0-98A8-4FDA-8B8F-2ADC0D726B7B}.AppStore|Windows-ARM.ActiveCfg = Release|Any CPU
		{33C9E6B0-98A8-4FDA-8B8F-2ADC0D726B7B}.AppStore|Windows-ARM.Build.0 = Release|Any CPU
		{33C9E6B0-98A8-4FDA-8B8F-2ADC0D726B7B}.AppStore|Windows-x64.ActiveCfg = Release|Any CPU
		{33C9E6B0-98A8-4FDA-8B8F-2ADC0D726B7B}.AppStore|Windows-x64.Build.0 = Release|Any CPU
		{33C9E6B0-98A8-4FDA-8B8F-2ADC0D726B7B}.AppStore|Windows-x86.ActiveCfg = Release|Any CPU
		{33C9E6B0-98A8-4FDA-8B8F-2ADC0D726B7B}.AppStore|Windows-x86.Build.0 = Release|Any CPU
		{33C9E6B0-98A8-4FDA-8B8F-2ADC0D726B7B}.AppStore|x64.ActiveCfg = Release|Any CPU
		{33C9E6B0-98A8-4FDA-8B8F-2ADC0D726B7B}.AppStore|x64.Build.0 = Release|Any CPU
		{33C9E6B0-98A8-4FDA-8B8F-2ADC0D726B7B}.AppStore|x86.ActiveCfg = Release|Any CPU
		{33C9E6B0-98A8-4FDA-8B8F-2ADC0D726B7B}.AppStore|x86.Build.0 = Release|Any CPU
		{33C9E6B0-98A8-4FDA-8B8F-2ADC0D726B7B}.Debug|Android.ActiveCfg = Debug|Any CPU
		{33C9E6B0-98A8-4FDA-8B8F-2ADC0D726B7B}.Debug|Android.Build.0 = Debug|Any CPU
		{33C9E6B0-98A8-4FDA-8B8F-2ADC0D726B7B}.Debug|Any CPU.ActiveCfg = Debug|Any CPU
		{33C9E6B0-98A8-4FDA-8B8F-2ADC0D726B7B}.Debug|Any CPU.Build.0 = Debug|Any CPU
		{33C9E6B0-98A8-4FDA-8B8F-2ADC0D726B7B}.Debug|ARM.ActiveCfg = Debug|Any CPU
		{33C9E6B0-98A8-4FDA-8B8F-2ADC0D726B7B}.Debug|ARM.Build.0 = Debug|Any CPU
		{33C9E6B0-98A8-4FDA-8B8F-2ADC0D726B7B}.Debug|iOS.ActiveCfg = Debug|Any CPU
		{33C9E6B0-98A8-4FDA-8B8F-2ADC0D726B7B}.Debug|iOS.Build.0 = Debug|Any CPU
		{33C9E6B0-98A8-4FDA-8B8F-2ADC0D726B7B}.Debug|iPhone.ActiveCfg = Debug|Any CPU
		{33C9E6B0-98A8-4FDA-8B8F-2ADC0D726B7B}.Debug|iPhone.Build.0 = Debug|Any CPU
		{33C9E6B0-98A8-4FDA-8B8F-2ADC0D726B7B}.Debug|iPhoneSimulator.ActiveCfg = Debug|Any CPU
		{33C9E6B0-98A8-4FDA-8B8F-2ADC0D726B7B}.Debug|iPhoneSimulator.Build.0 = Debug|Any CPU
		{33C9E6B0-98A8-4FDA-8B8F-2ADC0D726B7B}.Debug|Windows-ARM.ActiveCfg = Debug|Any CPU
		{33C9E6B0-98A8-4FDA-8B8F-2ADC0D726B7B}.Debug|Windows-ARM.Build.0 = Debug|Any CPU
		{33C9E6B0-98A8-4FDA-8B8F-2ADC0D726B7B}.Debug|Windows-x64.ActiveCfg = Debug|Any CPU
		{33C9E6B0-98A8-4FDA-8B8F-2ADC0D726B7B}.Debug|Windows-x64.Build.0 = Debug|Any CPU
		{33C9E6B0-98A8-4FDA-8B8F-2ADC0D726B7B}.Debug|Windows-x86.ActiveCfg = Debug|Any CPU
		{33C9E6B0-98A8-4FDA-8B8F-2ADC0D726B7B}.Debug|Windows-x86.Build.0 = Debug|Any CPU
		{33C9E6B0-98A8-4FDA-8B8F-2ADC0D726B7B}.Debug|x64.ActiveCfg = Debug|Any CPU
		{33C9E6B0-98A8-4FDA-8B8F-2ADC0D726B7B}.Debug|x64.Build.0 = Debug|Any CPU
		{33C9E6B0-98A8-4FDA-8B8F-2ADC0D726B7B}.Debug|x86.ActiveCfg = Debug|Any CPU
		{33C9E6B0-98A8-4FDA-8B8F-2ADC0D726B7B}.Debug|x86.Build.0 = Debug|Any CPU
		{33C9E6B0-98A8-4FDA-8B8F-2ADC0D726B7B}.Release|Android.ActiveCfg = Release|Any CPU
		{33C9E6B0-98A8-4FDA-8B8F-2ADC0D726B7B}.Release|Android.Build.0 = Release|Any CPU
		{33C9E6B0-98A8-4FDA-8B8F-2ADC0D726B7B}.Release|Any CPU.ActiveCfg = Release|Any CPU
		{33C9E6B0-98A8-4FDA-8B8F-2ADC0D726B7B}.Release|Any CPU.Build.0 = Release|Any CPU
		{33C9E6B0-98A8-4FDA-8B8F-2ADC0D726B7B}.Release|ARM.ActiveCfg = Release|Any CPU
		{33C9E6B0-98A8-4FDA-8B8F-2ADC0D726B7B}.Release|ARM.Build.0 = Release|Any CPU
		{33C9E6B0-98A8-4FDA-8B8F-2ADC0D726B7B}.Release|iOS.ActiveCfg = Release|Any CPU
		{33C9E6B0-98A8-4FDA-8B8F-2ADC0D726B7B}.Release|iOS.Build.0 = Release|Any CPU
		{33C9E6B0-98A8-4FDA-8B8F-2ADC0D726B7B}.Release|iPhone.ActiveCfg = Release|Any CPU
		{33C9E6B0-98A8-4FDA-8B8F-2ADC0D726B7B}.Release|iPhone.Build.0 = Release|Any CPU
		{33C9E6B0-98A8-4FDA-8B8F-2ADC0D726B7B}.Release|iPhoneSimulator.ActiveCfg = Release|Any CPU
		{33C9E6B0-98A8-4FDA-8B8F-2ADC0D726B7B}.Release|iPhoneSimulator.Build.0 = Release|Any CPU
		{33C9E6B0-98A8-4FDA-8B8F-2ADC0D726B7B}.Release|Windows-ARM.ActiveCfg = Release|Any CPU
		{33C9E6B0-98A8-4FDA-8B8F-2ADC0D726B7B}.Release|Windows-ARM.Build.0 = Release|Any CPU
		{33C9E6B0-98A8-4FDA-8B8F-2ADC0D726B7B}.Release|Windows-x64.ActiveCfg = Release|Any CPU
		{33C9E6B0-98A8-4FDA-8B8F-2ADC0D726B7B}.Release|Windows-x64.Build.0 = Release|Any CPU
		{33C9E6B0-98A8-4FDA-8B8F-2ADC0D726B7B}.Release|Windows-x86.ActiveCfg = Release|Any CPU
		{33C9E6B0-98A8-4FDA-8B8F-2ADC0D726B7B}.Release|Windows-x86.Build.0 = Release|Any CPU
		{33C9E6B0-98A8-4FDA-8B8F-2ADC0D726B7B}.Release|x64.ActiveCfg = Release|Any CPU
		{33C9E6B0-98A8-4FDA-8B8F-2ADC0D726B7B}.Release|x64.Build.0 = Release|Any CPU
		{33C9E6B0-98A8-4FDA-8B8F-2ADC0D726B7B}.Release|x86.ActiveCfg = Release|Any CPU
		{33C9E6B0-98A8-4FDA-8B8F-2ADC0D726B7B}.Release|x86.Build.0 = Release|Any CPU
	EndGlobalSection
	GlobalSection(SolutionProperties) = preSolution
		HideSolutionNode = FALSE
	EndGlobalSection
	GlobalSection(ExtensibilityGlobals) = postSolution
		VisualSVNWorkingCopyRoot = .
	EndGlobalSection
EndGlobal
